version = 1
requires-python = ">=3.9"

[[package]]
name = "colorama"
version = "0.4.6"
source = { registry = "https://pypi.org/simple" }
sdist = { url = "https://files.pythonhosted.org/packages/d8/53/6f443c9a4a8358a93a6792e2acffb9d9d5cb0a5cfd8802644b7b1c9a02e4/colorama-0.4.6.tar.gz", hash = "sha256:08695f5cb7ed6e0531a20572697297273c47b8cae5a63ffc6d6ed5c201be6e44", size = 27697 }
wheels = [
    { url = "https://files.pythonhosted.org/packages/d1/d6/3965ed04c63042e047cb6a3e6ed1a63a35087b6a609aa3a15ed8ac56c221/colorama-0.4.6-py2.py3-none-any.whl", hash = "sha256:4f1d9991f5acc0ca119f9d443620b77f9d6b33703e51011c16baf57afb285fc6", size = 25335 },
]

[[package]]
name = "dill"
version = "0.3.9"
source = { registry = "https://pypi.org/simple" }
sdist = { url = "https://files.pythonhosted.org/packages/70/43/86fe3f9e130c4137b0f1b50784dd70a5087b911fe07fa81e53e0c4c47fea/dill-0.3.9.tar.gz", hash = "sha256:81aa267dddf68cbfe8029c42ca9ec6a4ab3b22371d1c450abc54422577b4512c", size = 187000 }
wheels = [
    { url = "https://files.pythonhosted.org/packages/46/d1/e73b6ad76f0b1fb7f23c35c6d95dbc506a9c8804f43dda8cb5b0fa6331fd/dill-0.3.9-py3-none-any.whl", hash = "sha256:468dff3b89520b474c0397703366b7b95eebe6303f108adf9b19da1f702be87a", size = 119418 },
]

[[package]]
name = "exceptiongroup"
version = "1.2.2"
source = { registry = "https://pypi.org/simple" }
sdist = { url = "https://files.pythonhosted.org/packages/09/35/2495c4ac46b980e4ca1f6ad6db102322ef3ad2410b79fdde159a4b0f3b92/exceptiongroup-1.2.2.tar.gz", hash = "sha256:47c2edf7c6738fafb49fd34290706d1a1a2f4d1c6df275526b62cbb4aa5393cc", size = 28883 }
wheels = [
    { url = "https://files.pythonhosted.org/packages/02/cc/b7e31358aac6ed1ef2bb790a9746ac2c69bcb3c8588b41616914eb106eaf/exceptiongroup-1.2.2-py3-none-any.whl", hash = "sha256:3111b9d131c238bec2f8f516e123e14ba243563fb135d3fe885990585aa7795b", size = 16453 },
]

[[package]]
name = "iniconfig"
version = "2.0.0"
source = { registry = "https://pypi.org/simple" }
sdist = { url = "https://files.pythonhosted.org/packages/d7/4b/cbd8e699e64a6f16ca3a8220661b5f83792b3017d0f79807cb8708d33913/iniconfig-2.0.0.tar.gz", hash = "sha256:2d91e135bf72d31a410b17c16da610a82cb55f6b0477d1a902134b24a455b8b3", size = 4646 }
wheels = [
    { url = "https://files.pythonhosted.org/packages/ef/a6/62565a6e1cf69e10f5727360368e451d4b7f58beeac6173dc9db836a5b46/iniconfig-2.0.0-py3-none-any.whl", hash = "sha256:b6a85871a79d2e3b22d2d1b94ac2824226a63c6b741c88f7ae975f18b6778374", size = 5892 },
]

[[package]]
name = "misen"
version = "0.1.0"
source = { editable = "." }
dependencies = [
    { name = "dill" },
    { name = "ormsgpack" },
    { name = "xxhash" },
]

[package.dev-dependencies]
dev = [
    { name = "pyright" },
    { name = "pytest" },
    { name = "ruff" },
]

[package.metadata]
requires-dist = [
    { name = "dill", specifier = ">=0.3.8" },
    { name = "ormsgpack", specifier = ">=1.5.0" },
    { name = "xxhash", specifier = ">=3.4.1" },
]

[package.metadata.requires-dev]
dev = [
    { name = "pyright", specifier = "==1.1.388" },
    { name = "pytest", specifier = "==8.3.3" },
    { name = "ruff", specifier = "==0.7.2" },
]

[[package]]
name = "nodeenv"
version = "1.9.1"
source = { registry = "https://pypi.org/simple" }
sdist = { url = "https://files.pythonhosted.org/packages/43/16/fc88b08840de0e0a72a2f9d8c6bae36be573e475a6326ae854bcc549fc45/nodeenv-1.9.1.tar.gz", hash = "sha256:6ec12890a2dab7946721edbfbcd91f3319c6ccc9aec47be7c7e6b7011ee6645f", size = 47437 }
wheels = [
    { url = "https://files.pythonhosted.org/packages/d2/1d/1b658dbd2b9fa9c4c9f32accbfc0205d532c8c6194dc0f2a4c0428e7128a/nodeenv-1.9.1-py2.py3-none-any.whl", hash = "sha256:ba11c9782d29c27c70ffbdda2d7415098754709be8a7056d79a737cd901155c9", size = 22314 },
]

[[package]]
name = "ormsgpack"
version = "1.6.0"
source = { registry = "https://pypi.org/simple" }
sdist = { url = "https://files.pythonhosted.org/packages/db/fa/f8cb7f84a036fd1c41daf9d765d92783664eaa3129e9be3b4f9d7b9f8dfe/ormsgpack-1.6.0.tar.gz", hash = "sha256:0c9612147f3c406b56eba6a576948057ada711bda0831f192afd46be6e5dd91e", size = 53583 }
wheels = [
    { url = "https://files.pythonhosted.org/packages/ae/a0/8ef02af43981d83bb6268df0124be80a1e4c2b2ece1045a1d15f90e13bf4/ormsgpack-1.6.0-cp310-cp310-macosx_10_12_x86_64.macosx_11_0_arm64.macosx_10_12_universal2.whl", hash = "sha256:613e851edde1dc3b94e84e9d8046b9c603fce1e5bf40f3ebe129a81f9a31d4b9", size = 469976 },
    { url = "https://files.pythonhosted.org/packages/a8/15/92345920ed1a57ddf966aea26961764c28c0ac9c214a2ceaea2ff08d50d7/ormsgpack-1.6.0-cp310-cp310-manylinux_2_17_aarch64.manylinux2014_aarch64.whl", hash = "sha256:a8e2b858cc378d2c46161bebfe6232de1e158eb2e7dfdf07172fe183bf8a9333", size = 276822 },
    { url = "https://files.pythonhosted.org/packages/bd/b1/d450ac9b9d3ccab6b6b41d57301ca451f7710feeb123c57fa812fcea4341/ormsgpack-1.6.0-cp310-cp310-manylinux_2_17_armv7l.manylinux2014_armv7l.whl", hash = "sha256:4003867208e3b9b9471c0a4bbf68479dcde69137ca1c5860bd7236410bf65024", size = 280881 },
    { url = "https://files.pythonhosted.org/packages/86/15/0e308138ec1710dea4c4b293e462c219527b8aaf226ed0f42eafb3e6c65b/ormsgpack-1.6.0-cp310-cp310-manylinux_2_17_x86_64.manylinux2014_x86_64.whl", hash = "sha256:0fd584dd40d479a60cbae0ca59792b82144f35e355c363771566bb7d337ba8a9", size = 276025 },
    { url = "https://files.pythonhosted.org/packages/4f/40/94326331509b3e1be91cc9d562180838022d1b56c4c91343d44bcd65f0e3/ormsgpack-1.6.0-cp310-none-win_amd64.whl", hash = "sha256:e8b2cab0ddb98b1b26f01da552a76138299ecf29f8a04fe34ac5b686b9db02d0", size = 154886 },
    { url = "https://files.pythonhosted.org/packages/9e/50/292ab0c449ca8cffcdec26701ce791eb8ca964d87251e8b18698e917324a/ormsgpack-1.6.0-cp311-cp311-macosx_10_12_x86_64.macosx_11_0_arm64.macosx_10_12_universal2.whl", hash = "sha256:6f08a3c448e9ca65c7b5af600b3d795ffbee0dbd5b4defc6e12f89d2d56c57b4", size = 469975 },
    { url = "https://files.pythonhosted.org/packages/cc/84/8c055693b0fef4926155dea61dea65ef6210087c54731a0effec4ed3c7b2/ormsgpack-1.6.0-cp311-cp311-manylinux_2_17_aarch64.manylinux2014_aarch64.whl", hash = "sha256:978330de00c1d8c20b62ae38f20b85312abefb6e46342617ba47d9a01b70d727", size = 276822 },
    { url = "https://files.pythonhosted.org/packages/97/58/fd775b16d67154d436b61de11fe7a4ceb4c35f76dfda54834701bab9446f/ormsgpack-1.6.0-cp311-cp311-manylinux_2_17_armv7l.manylinux2014_armv7l.whl", hash = "sha256:b6b747ae7f2fa8e54cf7033a9907cc2dfeee70184148ce57d1c8dff3ed2d3692", size = 280882 },
    { url = "https://files.pythonhosted.org/packages/d4/86/6454518d5a7399997570d3f5fdab91345ac33a8d906d1d8b365f6b5cbd86/ormsgpack-1.6.0-cp311-cp311-manylinux_2_17_x86_64.manylinux2014_x86_64.whl", hash = "sha256:243b330577c8158a89fec4abce40254cf907637ea7e604bf866b3e39b3c5a819", size = 276026 },
    { url = "https://files.pythonhosted.org/packages/40/76/9f93292e8cdd585ad06c419b8c0587c25c2fdd56952e237d336ed1d9e3e7/ormsgpack-1.6.0-cp311-none-win_amd64.whl", hash = "sha256:75e1837f569fb6ae2f0c6415e983a0300b633b69a5d3480f34fb0a61f1662dbf", size = 154884 },
    { url = "https://files.pythonhosted.org/packages/67/c0/49cea4ef4f32d606c5039108dbf57e741e2d6477a5c52090e60dd4a02219/ormsgpack-1.6.0-cp312-cp312-macosx_10_12_x86_64.macosx_11_0_arm64.macosx_10_12_universal2.whl", hash = "sha256:af017e8dcf8dad7b36c018e2ec410eb2bedd123aa81beabc808b92f00a76c285", size = 470596 },
    { url = "https://files.pythonhosted.org/packages/7e/9c/425c1c3df22ef8f824ca63b0ade7a01b4e3585529cc723221e1a146bcfbf/ormsgpack-1.6.0-cp312-cp312-manylinux_2_17_aarch64.manylinux2014_aarch64.whl", hash = "sha256:2c42c72050499d57d620ae81bf3b47637fb66b1c90a8abcabc0fbf9b193fdabc", size = 276953 },
    { url = "https://files.pythonhosted.org/packages/f1/6d/bc66b4db4ebfa471477d04a713c160f8c7a03b411eb6c616c97e6d826245/ormsgpack-1.6.0-cp312-cp312-manylinux_2_17_armv7l.manylinux2014_armv7l.whl", hash = "sha256:472a6e9207caad84ad3bddd6c6be54e99fdb7ef667cedc1074f26386aebd6580", size = 281022 },
    { url = "https://files.pythonhosted.org/packages/06/20/63b30dfb1899e32ad9035fd5d45cef614b5e9bd045eb6d3dbf68d1486ff6/ormsgpack-1.6.0-cp312-cp312-manylinux_2_17_x86_64.manylinux2014_x86_64.whl", hash = "sha256:33075e026d8536c6953d0485c34970f62dcc309d662f5913147bfbebe8b1d59f", size = 276588 },
    { url = "https://files.pythonhosted.org/packages/20/c4/7a2e9d09f11e803ef7dac8b1c9bc691c59fef8b7b024dd45af4aa3a68e8d/ormsgpack-1.6.0-cp312-none-win_amd64.whl", hash = "sha256:f28b4a0cd7f64b92e4a0de6acbd7d03d20970fdded9e752fa6dedb3b95be86a3", size = 155204 },
    { url = "https://files.pythonhosted.org/packages/6d/cf/070d6b0d1f32c30ce5bd3da2d5a843c0901ffe972b84f80da376d73dcb38/ormsgpack-1.6.0-cp313-cp313-macosx_10_12_x86_64.macosx_11_0_arm64.macosx_10_12_universal2.whl", hash = "sha256:113316087520ec70f7c0f36450181ca24d575d4225116545c9038d6e8e576f51", size = 470597 },
    { url = "https://files.pythonhosted.org/packages/cf/88/57fce2d36d380a3ade6bbacf0effcca2d3f23208c97b7e54cd4b4a9d6a57/ormsgpack-1.6.0-cp313-cp313-manylinux_2_17_aarch64.manylinux2014_aarch64.whl", hash = "sha256:9a72971eeccfc2e720491abae3fc7f368886d81b7ef3f965eb2adb7922454243", size = 276953 },
    { url = "https://files.pythonhosted.org/packages/02/34/d69a5498f9d4483712229fa2b675c376f6f74c183f6a32a10b619969c062/ormsgpack-1.6.0-cp313-cp313-manylinux_2_17_armv7l.manylinux2014_armv7l.whl", hash = "sha256:e17d9b9b0a61ef3f26a66c85d9b3140a2111e4f2c5b4daf04185eac872b39303", size = 281023 },
    { url = "https://files.pythonhosted.org/packages/c3/a2/01c32063c6aead5a9e7889a733acc92a967c8e0cc03626574d532c297a9a/ormsgpack-1.6.0-cp313-cp313-manylinux_2_17_x86_64.manylinux2014_x86_64.whl", hash = "sha256:9219d871d05370443129679241a6c4bd579ff351a2c7675ff2bb192485f543e6", size = 276590 },
    { url = "https://files.pythonhosted.org/packages/7d/66/d615f537de01f5a3af581b2ad29f0d7893a4fe86d8f4782649604d54e9d8/ormsgpack-1.6.0-cp313-none-win_amd64.whl", hash = "sha256:a0ee8ae2981548df90a4ff0a8cde710cd289a19980e74a338d6c958a4e6c1c84", size = 155201 },
    { url = "https://files.pythonhosted.org/packages/45/b4/a1c2805f08b953ce9efe26fa6e8670bb4f7fe4c14c428e115e240bc1eafb/ormsgpack-1.6.0-cp39-cp39-macosx_10_12_x86_64.macosx_11_0_arm64.macosx_10_12_universal2.whl", hash = "sha256:496abd803179cdbb8221283c0153771a7c5c6f63065c10a287b14c152c2f828d", size = 469958 },
    { url = "https://files.pythonhosted.org/packages/64/e2/430397f6462cd11d8959ad56665cde0b5657f6bf0b225450b8fc97b31f92/ormsgpack-1.6.0-cp39-cp39-manylinux_2_17_aarch64.manylinux2014_aarch64.whl", hash = "sha256:c9d1d1bd43cc29da03fcbbd74980a2fff85740c43510dc4a15972764147ed39c", size = 276810 },
    { url = "https://files.pythonhosted.org/packages/02/fc/593398b20af7ccaa9d048aca6726f0fa5f1f096c3f6770bbcf6bfbb87ba2/ormsgpack-1.6.0-cp39-cp39-manylinux_2_17_armv7l.manylinux2014_armv7l.whl", hash = "sha256:2f1c82c5289725647c3079a9e0abb9064eda240dfdc3a3eb6f891daf271718dd", size = 280881 },
    { url = "https://files.pythonhosted.org/packages/78/73/5654e8b5302013915ce9d20100ca6ef78ef08207686d1c06ba273744b996/ormsgpack-1.6.0-cp39-cp39-manylinux_2_17_x86_64.manylinux2014_x86_64.whl", hash = "sha256:fde482c53de5df1da84e2291ba7e78ac16b86cb33763b919436b25d714c509be", size = 276024 },
    { url = "https://files.pythonhosted.org/packages/d1/b5/d6b21bbaf097a31cc554254a3eefe2c7762f4e39a7287bce04625531d158/ormsgpack-1.6.0-cp39-none-win_amd64.whl", hash = "sha256:aa1e1f26e5e31648a6cad43a4b22d55340c78940a1739616bf15458c075c068a", size = 154878 },
]

[[package]]
name = "packaging"
version = "24.1"
source = { registry = "https://pypi.org/simple" }
sdist = { url = "https://files.pythonhosted.org/packages/51/65/50db4dda066951078f0a96cf12f4b9ada6e4b811516bf0262c0f4f7064d4/packaging-24.1.tar.gz", hash = "sha256:026ed72c8ed3fcce5bf8950572258698927fd1dbda10a5e981cdf0ac37f4f002", size = 148788 }
wheels = [
    { url = "https://files.pythonhosted.org/packages/08/aa/cc0199a5f0ad350994d660967a8efb233fe0416e4639146c089643407ce6/packaging-24.1-py3-none-any.whl", hash = "sha256:5b8f2217dbdbd2f7f384c41c628544e6d52f2d0f53c6d0c3ea61aa5d1d7ff124", size = 53985 },
]

[[package]]
name = "pluggy"
version = "1.5.0"
source = { registry = "https://pypi.org/simple" }
sdist = { url = "https://files.pythonhosted.org/packages/96/2d/02d4312c973c6050a18b314a5ad0b3210edb65a906f868e31c111dede4a6/pluggy-1.5.0.tar.gz", hash = "sha256:2cffa88e94fdc978c4c574f15f9e59b7f4201d439195c3715ca9e2486f1d0cf1", size = 67955 }
wheels = [
    { url = "https://files.pythonhosted.org/packages/88/5f/e351af9a41f866ac3f1fac4ca0613908d9a41741cfcf2228f4ad853b697d/pluggy-1.5.0-py3-none-any.whl", hash = "sha256:44e1ad92c8ca002de6377e165f3e0f1be63266ab4d554740532335b9d75ea669", size = 20556 },
]

[[package]]
name = "pyright"
version = "1.1.388"
source = { registry = "https://pypi.org/simple" }
dependencies = [
    { name = "nodeenv" },
    { name = "typing-extensions" },
]
sdist = { url = "https://files.pythonhosted.org/packages/9c/83/e9867538a794638d2d20ac3ab3106a31aca1d9cfea530c9b2921809dae03/pyright-1.1.388.tar.gz", hash = "sha256:0166d19b716b77fd2d9055de29f71d844874dbc6b9d3472ccd22df91db3dfa34", size = 21939 }
wheels = [
    { url = "https://files.pythonhosted.org/packages/03/57/7fb00363b7f267a398c5bdf4f55f3e64f7c2076b2e7d2901b3373d52b6ff/pyright-1.1.388-py3-none-any.whl", hash = "sha256:c7068e9f2c23539c6ac35fc9efac6c6c1b9aa5a0ce97a9a8a6cf0090d7cbf84c", size = 18579 },
]

[[package]]
name = "pytest"
version = "8.3.3"
source = { registry = "https://pypi.org/simple" }
dependencies = [
    { name = "colorama", marker = "sys_platform == 'win32'" },
    { name = "exceptiongroup", marker = "python_full_version < '3.11'" },
    { name = "iniconfig" },
    { name = "packaging" },
    { name = "pluggy" },
    { name = "tomli", marker = "python_full_version < '3.11'" },
]
sdist = { url = "https://files.pythonhosted.org/packages/8b/6c/62bbd536103af674e227c41a8f3dcd022d591f6eed5facb5a0f31ee33bbc/pytest-8.3.3.tar.gz", hash = "sha256:70b98107bd648308a7952b06e6ca9a50bc660be218d53c257cc1fc94fda10181", size = 1442487 }
wheels = [
    { url = "https://files.pythonhosted.org/packages/6b/77/7440a06a8ead44c7757a64362dd22df5760f9b12dc5f11b6188cd2fc27a0/pytest-8.3.3-py3-none-any.whl", hash = "sha256:a6853c7375b2663155079443d2e45de913a911a11d669df02a50814944db57b2", size = 342341 },
]

[[package]]
name = "ruff"
version = "0.7.2"
source = { registry = "https://pypi.org/simple" }
sdist = { url = "https://files.pythonhosted.org/packages/95/51/231bb3790e5b0b9fd4131f9a231d73d061b3667522e3f406fd9b63334d0e/ruff-0.7.2.tar.gz", hash = "sha256:2b14e77293380e475b4e3a7a368e14549288ed2931fce259a6f99978669e844f", size = 3210036 }
wheels = [
    { url = "https://files.pythonhosted.org/packages/5c/56/0caa2b5745d66a39aa239c01059f6918fc76ed8380033d2f44bf297d141d/ruff-0.7.2-py3-none-linux_armv6l.whl", hash = "sha256:b73f873b5f52092e63ed540adefc3c36f1f803790ecf2590e1df8bf0a9f72cb8", size = 10373973 },
    { url = "https://files.pythonhosted.org/packages/1a/33/cad6ff306731f335d481c50caa155b69a286d5b388e87ff234cd2a4b3557/ruff-0.7.2-py3-none-macosx_10_12_x86_64.whl", hash = "sha256:5b813ef26db1015953daf476202585512afd6a6862a02cde63f3bafb53d0b2d4", size = 10171140 },
    { url = "https://files.pythonhosted.org/packages/97/f5/6a2ca5c9ba416226eac9cf8121a1baa6f06655431937e85f38ffcb9d0d01/ruff-0.7.2-py3-none-macosx_11_0_arm64.whl", hash = "sha256:853277dbd9675810c6826dad7a428d52a11760744508340e66bf46f8be9701d9", size = 9809333 },
    { url = "https://files.pythonhosted.org/packages/16/83/e3e87f13d1a1dc205713632978cd7bc287a59b08bc95780dbe359b9aefcb/ruff-0.7.2-py3-none-manylinux_2_17_aarch64.manylinux2014_aarch64.whl", hash = "sha256:21aae53ab1490a52bf4e3bf520c10ce120987b047c494cacf4edad0ba0888da2", size = 10622987 },
    { url = "https://files.pythonhosted.org/packages/22/16/97ccab194480e99a2e3c77ae132b3eebfa38c2112747570c403a4a13ba3a/ruff-0.7.2-py3-none-manylinux_2_17_armv7l.manylinux2014_armv7l.whl", hash = "sha256:ccc7e0fc6e0cb3168443eeadb6445285abaae75142ee22b2b72c27d790ab60ba", size = 10184640 },
    { url = "https://files.pythonhosted.org/packages/97/1b/82ff05441b036f68817296c14f24da47c591cb27acfda473ee571a5651ac/ruff-0.7.2-py3-none-manylinux_2_17_i686.manylinux2014_i686.whl", hash = "sha256:fd77877a4e43b3a98e5ef4715ba3862105e299af0c48942cc6d51ba3d97dc859", size = 11210203 },
    { url = "https://files.pythonhosted.org/packages/a6/96/7ecb30a7ef7f942e2d8e0287ad4c1957dddc6c5097af4978c27cfc334f97/ruff-0.7.2-py3-none-manylinux_2_17_ppc64.manylinux2014_ppc64.whl", hash = "sha256:e00163fb897d35523c70d71a46fbaa43bf7bf9af0f4534c53ea5b96b2e03397b", size = 11870894 },
    { url = "https://files.pythonhosted.org/packages/06/6a/c716bb126218227f8e604a9c484836257708a05ee3d2ebceb666ff3d3867/ruff-0.7.2-py3-none-manylinux_2_17_ppc64le.manylinux2014_ppc64le.whl", hash = "sha256:f3c54b538633482dc342e9b634d91168fe8cc56b30a4b4f99287f4e339103e88", size = 11449533 },
    { url = "https://files.pythonhosted.org/packages/e6/2f/3a5f9f9478904e5ae9506ea699109070ead1e79aac041e872cbaad8a7458/ruff-0.7.2-py3-none-manylinux_2_17_s390x.manylinux2014_s390x.whl", hash = "sha256:7b792468e9804a204be221b14257566669d1db5c00d6bb335996e5cd7004ba80", size = 12607919 },
    { url = "https://files.pythonhosted.org/packages/a0/57/4642e57484d80d274750dcc872ea66655bbd7e66e986fede31e1865b463d/ruff-0.7.2-py3-none-manylinux_2_17_x86_64.manylinux2014_x86_64.whl", hash = "sha256:dba53ed84ac19ae4bfb4ea4bf0172550a2285fa27fbb13e3746f04c80f7fa088", size = 11016915 },
    { url = "https://files.pythonhosted.org/packages/4d/6d/59be6680abee34c22296ae3f46b2a3b91662b8b18ab0bf388b5eb1355c97/ruff-0.7.2-py3-none-musllinux_1_2_aarch64.whl", hash = "sha256:b19fafe261bf741bca2764c14cbb4ee1819b67adb63ebc2db6401dcd652e3748", size = 10625424 },
    { url = "https://files.pythonhosted.org/packages/82/e7/f6a643683354c9bc7879d2f228ee0324fea66d253de49273a0814fba1927/ruff-0.7.2-py3-none-musllinux_1_2_armv7l.whl", hash = "sha256:28bd8220f4d8f79d590db9e2f6a0674f75ddbc3847277dd44ac1f8d30684b828", size = 10233692 },
    { url = "https://files.pythonhosted.org/packages/d7/48/b4e02fc835cd7ed1ee7318d9c53e48bcf6b66301f55925a7dcb920e45532/ruff-0.7.2-py3-none-musllinux_1_2_i686.whl", hash = "sha256:9fd67094e77efbea932e62b5d2483006154794040abb3a5072e659096415ae1e", size = 10751825 },
    { url = "https://files.pythonhosted.org/packages/1e/06/6c5ee6ab7bb4cbad9e8bb9b2dd0d818c759c90c1c9e057c6ed70334b97f4/ruff-0.7.2-py3-none-musllinux_1_2_x86_64.whl", hash = "sha256:576305393998b7bd6c46018f8104ea3a9cb3fa7908c21d8580e3274a3b04b691", size = 11074811 },
    { url = "https://files.pythonhosted.org/packages/a1/16/8969304f25bcd0e4af1778342e63b715e91db8a2dbb51807acd858cba915/ruff-0.7.2-py3-none-win32.whl", hash = "sha256:fa993cfc9f0ff11187e82de874dfc3611df80852540331bc85c75809c93253a8", size = 8650268 },
    { url = "https://files.pythonhosted.org/packages/d9/18/c4b00d161def43fe5968e959039c8f6ce60dca762cec4a34e4e83a4210a0/ruff-0.7.2-py3-none-win_amd64.whl", hash = "sha256:dd8800cbe0254e06b8fec585e97554047fb82c894973f7ff18558eee33d1cb88", size = 9433693 },
    { url = "https://files.pythonhosted.org/packages/7f/7b/c920673ac01c19814dd15fc617c02301c522f3d6812ca2024f4588ed4549/ruff-0.7.2-py3-none-win_arm64.whl", hash = "sha256:bb8368cd45bba3f57bb29cbb8d64b4a33f8415d0149d2655c5c8539452ce7760", size = 8735845 },
]

[[package]]
name = "tomli"
version = "2.0.2"
source = { registry = "https://pypi.org/simple" }
sdist = { url = "https://files.pythonhosted.org/packages/35/b9/de2a5c0144d7d75a57ff355c0c24054f965b2dc3036456ae03a51ea6264b/tomli-2.0.2.tar.gz", hash = "sha256:d46d457a85337051c36524bc5349dd91b1877838e2979ac5ced3e710ed8a60ed", size = 16096 }
wheels = [
    { url = "https://files.pythonhosted.org/packages/cf/db/ce8eda256fa131af12e0a76d481711abe4681b6923c27efb9a255c9e4594/tomli-2.0.2-py3-none-any.whl", hash = "sha256:2ebe24485c53d303f690b0ec092806a085f07af5a5aa1464f3931eec36caaa38", size = 13237 },
]

[[package]]
name = "typing-extensions"
version = "4.12.2"
source = { registry = "https://pypi.org/simple" }
sdist = { url = "https://files.pythonhosted.org/packages/df/db/f35a00659bc03fec321ba8bce9420de607a1d37f8342eee1863174c69557/typing_extensions-4.12.2.tar.gz", hash = "sha256:1a7ead55c7e559dd4dee8856e3a88b41225abfe1ce8df57b7c13915fe121ffb8", size = 85321 }
wheels = [
    { url = "https://files.pythonhosted.org/packages/26/9f/ad63fc0248c5379346306f8668cda6e2e2e9c95e01216d2b8ffd9ff037d0/typing_extensions-4.12.2-py3-none-any.whl", hash = "sha256:04e5ca0351e0f3f85c6853954072df659d0d13fac324d0072316b67d7794700d", size = 37438 },
]

[[package]]
name = "xxhash"
version = "3.5.0"
source = { registry = "https://pypi.org/simple" }
sdist = { url = "https://files.pythonhosted.org/packages/00/5e/d6e5258d69df8b4ed8c83b6664f2b47d30d2dec551a29ad72a6c69eafd31/xxhash-3.5.0.tar.gz", hash = "sha256:84f2caddf951c9cbf8dc2e22a89d4ccf5d86391ac6418fe81e3c67d0cf60b45f", size = 84241 }
wheels = [
    { url = "https://files.pythonhosted.org/packages/bb/8a/0e9feca390d512d293afd844d31670e25608c4a901e10202aa98785eab09/xxhash-3.5.0-cp310-cp310-macosx_10_9_x86_64.whl", hash = "sha256:ece616532c499ee9afbb83078b1b952beffef121d989841f7f4b3dc5ac0fd212", size = 31970 },
    { url = "https://files.pythonhosted.org/packages/16/e6/be5aa49580cd064a18200ab78e29b88b1127e1a8c7955eb8ecf81f2626eb/xxhash-3.5.0-cp310-cp310-macosx_11_0_arm64.whl", hash = "sha256:3171f693dbc2cef6477054a665dc255d996646b4023fe56cb4db80e26f4cc520", size = 30801 },
    { url = "https://files.pythonhosted.org/packages/20/ee/b8a99ebbc6d1113b3a3f09e747fa318c3cde5b04bd9c197688fadf0eeae8/xxhash-3.5.0-cp310-cp310-manylinux_2_17_aarch64.manylinux2014_aarch64.whl", hash = "sha256:7c5d3e570ef46adaf93fc81b44aca6002b5a4d8ca11bd0580c07eac537f36680", size = 220927 },
    { url = "https://files.pythonhosted.org/packages/58/62/15d10582ef159283a5c2b47f6d799fc3303fe3911d5bb0bcc820e1ef7ff4/xxhash-3.5.0-cp310-cp310-manylinux_2_17_ppc64le.manylinux2014_ppc64le.whl", hash = "sha256:7cb29a034301e2982df8b1fe6328a84f4b676106a13e9135a0d7e0c3e9f806da", size = 200360 },
    { url = "https://files.pythonhosted.org/packages/23/41/61202663ea9b1bd8e53673b8ec9e2619989353dba8cfb68e59a9cbd9ffe3/xxhash-3.5.0-cp310-cp310-manylinux_2_17_s390x.manylinux2014_s390x.whl", hash = "sha256:5d0d307d27099bb0cbeea7260eb39ed4fdb99c5542e21e94bb6fd29e49c57a23", size = 428528 },
    { url = "https://files.pythonhosted.org/packages/f2/07/d9a3059f702dec5b3b703737afb6dda32f304f6e9da181a229dafd052c29/xxhash-3.5.0-cp310-cp310-manylinux_2_17_x86_64.manylinux2014_x86_64.whl", hash = "sha256:c0342aafd421795d740e514bc9858ebddfc705a75a8c5046ac56d85fe97bf196", size = 194149 },
    { url = "https://files.pythonhosted.org/packages/eb/58/27caadf78226ecf1d62dbd0c01d152ed381c14c1ee4ad01f0d460fc40eac/xxhash-3.5.0-cp310-cp310-manylinux_2_5_i686.manylinux1_i686.manylinux_2_17_i686.manylinux2014_i686.whl", hash = "sha256:3dbbd9892c5ebffeca1ed620cf0ade13eb55a0d8c84e0751a6653adc6ac40d0c", size = 207703 },
    { url = "https://files.pythonhosted.org/packages/b1/08/32d558ce23e1e068453c39aed7b3c1cdc690c177873ec0ca3a90d5808765/xxhash-3.5.0-cp310-cp310-musllinux_1_2_aarch64.whl", hash = "sha256:4cc2d67fdb4d057730c75a64c5923abfa17775ae234a71b0200346bfb0a7f482", size = 216255 },
    { url = "https://files.pythonhosted.org/packages/3f/d4/2b971e2d2b0a61045f842b622ef11e94096cf1f12cd448b6fd426e80e0e2/xxhash-3.5.0-cp310-cp310-musllinux_1_2_i686.whl", hash = "sha256:ec28adb204b759306a3d64358a5e5c07d7b1dd0ccbce04aa76cb9377b7b70296", size = 202744 },
    { url = "https://files.pythonhosted.org/packages/19/ae/6a6438864a8c4c39915d7b65effd85392ebe22710412902487e51769146d/xxhash-3.5.0-cp310-cp310-musllinux_1_2_ppc64le.whl", hash = "sha256:1328f6d8cca2b86acb14104e381225a3d7b42c92c4b86ceae814e5c400dbb415", size = 210115 },
    { url = "https://files.pythonhosted.org/packages/48/7d/b3c27c27d1fc868094d02fe4498ccce8cec9fcc591825c01d6bcb0b4fc49/xxhash-3.5.0-cp310-cp310-musllinux_1_2_s390x.whl", hash = "sha256:8d47ebd9f5d9607fd039c1fbf4994e3b071ea23eff42f4ecef246ab2b7334198", size = 414247 },
    { url = "https://files.pythonhosted.org/packages/a1/05/918f9e7d2fbbd334b829997045d341d6239b563c44e683b9a7ef8fe50f5d/xxhash-3.5.0-cp310-cp310-musllinux_1_2_x86_64.whl", hash = "sha256:b96d559e0fcddd3343c510a0fe2b127fbff16bf346dd76280b82292567523442", size = 191419 },
    { url = "https://files.pythonhosted.org/packages/08/29/dfe393805b2f86bfc47c290b275f0b7c189dc2f4e136fd4754f32eb18a8d/xxhash-3.5.0-cp310-cp310-win32.whl", hash = "sha256:61c722ed8d49ac9bc26c7071eeaa1f6ff24053d553146d5df031802deffd03da", size = 30114 },
    { url = "https://files.pythonhosted.org/packages/7b/d7/aa0b22c4ebb7c3ccb993d4c565132abc641cd11164f8952d89eb6a501909/xxhash-3.5.0-cp310-cp310-win_amd64.whl", hash = "sha256:9bed5144c6923cc902cd14bb8963f2d5e034def4486ab0bbe1f58f03f042f9a9", size = 30003 },
    { url = "https://files.pythonhosted.org/packages/69/12/f969b81541ee91b55f1ce469d7ab55079593c80d04fd01691b550e535000/xxhash-3.5.0-cp310-cp310-win_arm64.whl", hash = "sha256:893074d651cf25c1cc14e3bea4fceefd67f2921b1bb8e40fcfeba56820de80c6", size = 26773 },
    { url = "https://files.pythonhosted.org/packages/b8/c7/afed0f131fbda960ff15eee7f304fa0eeb2d58770fade99897984852ef23/xxhash-3.5.0-cp311-cp311-macosx_10_9_x86_64.whl", hash = "sha256:02c2e816896dc6f85922ced60097bcf6f008dedfc5073dcba32f9c8dd786f3c1", size = 31969 },
    { url = "https://files.pythonhosted.org/packages/8c/0c/7c3bc6d87e5235672fcc2fb42fd5ad79fe1033925f71bf549ee068c7d1ca/xxhash-3.5.0-cp311-cp311-macosx_11_0_arm64.whl", hash = "sha256:6027dcd885e21581e46d3c7f682cfb2b870942feeed58a21c29583512c3f09f8", size = 30800 },
    { url = "https://files.pythonhosted.org/packages/04/9e/01067981d98069eec1c20201f8c145367698e9056f8bc295346e4ea32dd1/xxhash-3.5.0-cp311-cp311-manylinux_2_17_aarch64.manylinux2014_aarch64.whl", hash = "sha256:1308fa542bbdbf2fa85e9e66b1077eea3a88bef38ee8a06270b4298a7a62a166", size = 221566 },
    { url = "https://files.pythonhosted.org/packages/d4/09/d4996de4059c3ce5342b6e1e6a77c9d6c91acce31f6ed979891872dd162b/xxhash-3.5.0-cp311-cp311-manylinux_2_17_ppc64le.manylinux2014_ppc64le.whl", hash = "sha256:c28b2fdcee797e1c1961cd3bcd3d545cab22ad202c846235197935e1df2f8ef7", size = 201214 },
    { url = "https://files.pythonhosted.org/packages/62/f5/6d2dc9f8d55a7ce0f5e7bfef916e67536f01b85d32a9fbf137d4cadbee38/xxhash-3.5.0-cp311-cp311-manylinux_2_17_s390x.manylinux2014_s390x.whl", hash = "sha256:924361811732ddad75ff23e90efd9ccfda4f664132feecb90895bade6a1b4623", size = 429433 },
    { url = "https://files.pythonhosted.org/packages/d9/72/9256303f10e41ab004799a4aa74b80b3c5977d6383ae4550548b24bd1971/xxhash-3.5.0-cp311-cp311-manylinux_2_17_x86_64.manylinux2014_x86_64.whl", hash = "sha256:89997aa1c4b6a5b1e5b588979d1da048a3c6f15e55c11d117a56b75c84531f5a", size = 194822 },
    { url = "https://files.pythonhosted.org/packages/34/92/1a3a29acd08248a34b0e6a94f4e0ed9b8379a4ff471f1668e4dce7bdbaa8/xxhash-3.5.0-cp311-cp311-manylinux_2_5_i686.manylinux1_i686.manylinux_2_17_i686.manylinux2014_i686.whl", hash = "sha256:685c4f4e8c59837de103344eb1c8a3851f670309eb5c361f746805c5471b8c88", size = 208538 },
    { url = "https://files.pythonhosted.org/packages/53/ad/7fa1a109663366de42f724a1cdb8e796a260dbac45047bce153bc1e18abf/xxhash-3.5.0-cp311-cp311-musllinux_1_2_aarch64.whl", hash = "sha256:dbd2ecfbfee70bc1a4acb7461fa6af7748ec2ab08ac0fa298f281c51518f982c", size = 216953 },
    { url = "https://files.pythonhosted.org/packages/35/02/137300e24203bf2b2a49b48ce898ecce6fd01789c0fcd9c686c0a002d129/xxhash-3.5.0-cp311-cp311-musllinux_1_2_i686.whl", hash = "sha256:25b5a51dc3dfb20a10833c8eee25903fd2e14059e9afcd329c9da20609a307b2", size = 203594 },
    { url = "https://files.pythonhosted.org/packages/23/03/aeceb273933d7eee248c4322b98b8e971f06cc3880e5f7602c94e5578af5/xxhash-3.5.0-cp311-cp311-musllinux_1_2_ppc64le.whl", hash = "sha256:a8fb786fb754ef6ff8c120cb96629fb518f8eb5a61a16aac3a979a9dbd40a084", size = 210971 },
    { url = "https://files.pythonhosted.org/packages/e3/64/ed82ec09489474cbb35c716b189ddc1521d8b3de12b1b5ab41ce7f70253c/xxhash-3.5.0-cp311-cp311-musllinux_1_2_s390x.whl", hash = "sha256:a905ad00ad1e1c34fe4e9d7c1d949ab09c6fa90c919860c1534ff479f40fd12d", size = 415050 },
    { url = "https://files.pythonhosted.org/packages/71/43/6db4c02dcb488ad4e03bc86d70506c3d40a384ee73c9b5c93338eb1f3c23/xxhash-3.5.0-cp311-cp311-musllinux_1_2_x86_64.whl", hash = "sha256:963be41bcd49f53af6d795f65c0da9b4cc518c0dd9c47145c98f61cb464f4839", size = 192216 },
    { url = "https://files.pythonhosted.org/packages/22/6d/db4abec29e7a567455344433d095fdb39c97db6955bb4a2c432e486b4d28/xxhash-3.5.0-cp311-cp311-win32.whl", hash = "sha256:109b436096d0a2dd039c355fa3414160ec4d843dfecc64a14077332a00aeb7da", size = 30120 },
    { url = "https://files.pythonhosted.org/packages/52/1c/fa3b61c0cf03e1da4767213672efe186b1dfa4fc901a4a694fb184a513d1/xxhash-3.5.0-cp311-cp311-win_amd64.whl", hash = "sha256:b702f806693201ad6c0a05ddbbe4c8f359626d0b3305f766077d51388a6bac58", size = 30003 },
    { url = "https://files.pythonhosted.org/packages/6b/8e/9e6fc572acf6e1cc7ccb01973c213f895cb8668a9d4c2b58a99350da14b7/xxhash-3.5.0-cp311-cp311-win_arm64.whl", hash = "sha256:c4dcb4120d0cc3cc448624147dba64e9021b278c63e34a38789b688fd0da9bf3", size = 26777 },
    { url = "https://files.pythonhosted.org/packages/07/0e/1bfce2502c57d7e2e787600b31c83535af83746885aa1a5f153d8c8059d6/xxhash-3.5.0-cp312-cp312-macosx_10_9_x86_64.whl", hash = "sha256:14470ace8bd3b5d51318782cd94e6f94431974f16cb3b8dc15d52f3b69df8e00", size = 31969 },
    { url = "https://files.pythonhosted.org/packages/3f/d6/8ca450d6fe5b71ce521b4e5db69622383d039e2b253e9b2f24f93265b52c/xxhash-3.5.0-cp312-cp312-macosx_11_0_arm64.whl", hash = "sha256:59aa1203de1cb96dbeab595ded0ad0c0056bb2245ae11fac11c0ceea861382b9", size = 30787 },
    { url = "https://files.pythonhosted.org/packages/5b/84/de7c89bc6ef63d750159086a6ada6416cc4349eab23f76ab870407178b93/xxhash-3.5.0-cp312-cp312-manylinux_2_17_aarch64.manylinux2014_aarch64.whl", hash = "sha256:08424f6648526076e28fae6ea2806c0a7d504b9ef05ae61d196d571e5c879c84", size = 220959 },
    { url = "https://files.pythonhosted.org/packages/fe/86/51258d3e8a8545ff26468c977101964c14d56a8a37f5835bc0082426c672/xxhash-3.5.0-cp312-cp312-manylinux_2_17_ppc64le.manylinux2014_ppc64le.whl", hash = "sha256:61a1ff00674879725b194695e17f23d3248998b843eb5e933007ca743310f793", size = 200006 },
    { url = "https://files.pythonhosted.org/packages/02/0a/96973bd325412feccf23cf3680fd2246aebf4b789122f938d5557c54a6b2/xxhash-3.5.0-cp312-cp312-manylinux_2_17_s390x.manylinux2014_s390x.whl", hash = "sha256:f2f2c61bee5844d41c3eb015ac652a0229e901074951ae48581d58bfb2ba01be", size = 428326 },
    { url = "https://files.pythonhosted.org/packages/11/a7/81dba5010f7e733de88af9555725146fc133be97ce36533867f4c7e75066/xxhash-3.5.0-cp312-cp312-manylinux_2_17_x86_64.manylinux2014_x86_64.whl", hash = "sha256:9d32a592cac88d18cc09a89172e1c32d7f2a6e516c3dfde1b9adb90ab5df54a6", size = 194380 },
    { url = "https://files.pythonhosted.org/packages/fb/7d/f29006ab398a173f4501c0e4977ba288f1c621d878ec217b4ff516810c04/xxhash-3.5.0-cp312-cp312-manylinux_2_5_i686.manylinux1_i686.manylinux_2_17_i686.manylinux2014_i686.whl", hash = "sha256:70dabf941dede727cca579e8c205e61121afc9b28516752fd65724be1355cc90", size = 207934 },
    { url = "https://files.pythonhosted.org/packages/8a/6e/6e88b8f24612510e73d4d70d9b0c7dff62a2e78451b9f0d042a5462c8d03/xxhash-3.5.0-cp312-cp312-musllinux_1_2_aarch64.whl", hash = "sha256:e5d0ddaca65ecca9c10dcf01730165fd858533d0be84c75c327487c37a906a27", size = 216301 },
    { url = "https://files.pythonhosted.org/packages/af/51/7862f4fa4b75a25c3b4163c8a873f070532fe5f2d3f9b3fc869c8337a398/xxhash-3.5.0-cp312-cp312-musllinux_1_2_i686.whl", hash = "sha256:3e5b5e16c5a480fe5f59f56c30abdeba09ffd75da8d13f6b9b6fd224d0b4d0a2", size = 203351 },
    { url = "https://files.pythonhosted.org/packages/22/61/8d6a40f288f791cf79ed5bb113159abf0c81d6efb86e734334f698eb4c59/xxhash-3.5.0-cp312-cp312-musllinux_1_2_ppc64le.whl", hash = "sha256:149b7914451eb154b3dfaa721315117ea1dac2cc55a01bfbd4df7c68c5dd683d", size = 210294 },
    { url = "https://files.pythonhosted.org/packages/17/02/215c4698955762d45a8158117190261b2dbefe9ae7e5b906768c09d8bc74/xxhash-3.5.0-cp312-cp312-musllinux_1_2_s390x.whl", hash = "sha256:eade977f5c96c677035ff39c56ac74d851b1cca7d607ab3d8f23c6b859379cab", size = 414674 },
    { url = "https://files.pythonhosted.org/packages/31/5c/b7a8db8a3237cff3d535261325d95de509f6a8ae439a5a7a4ffcff478189/xxhash-3.5.0-cp312-cp312-musllinux_1_2_x86_64.whl", hash = "sha256:fa9f547bd98f5553d03160967866a71056a60960be00356a15ecc44efb40ba8e", size = 192022 },
    { url = "https://files.pythonhosted.org/packages/78/e3/dd76659b2811b3fd06892a8beb850e1996b63e9235af5a86ea348f053e9e/xxhash-3.5.0-cp312-cp312-win32.whl", hash = "sha256:f7b58d1fd3551b8c80a971199543379be1cee3d0d409e1f6d8b01c1a2eebf1f8", size = 30170 },
    { url = "https://files.pythonhosted.org/packages/d9/6b/1c443fe6cfeb4ad1dcf231cdec96eb94fb43d6498b4469ed8b51f8b59a37/xxhash-3.5.0-cp312-cp312-win_amd64.whl", hash = "sha256:fa0cafd3a2af231b4e113fba24a65d7922af91aeb23774a8b78228e6cd785e3e", size = 30040 },
    { url = "https://files.pythonhosted.org/packages/0f/eb/04405305f290173acc0350eba6d2f1a794b57925df0398861a20fbafa415/xxhash-3.5.0-cp312-cp312-win_arm64.whl", hash = "sha256:586886c7e89cb9828bcd8a5686b12e161368e0064d040e225e72607b43858ba2", size = 26796 },
    { url = "https://files.pythonhosted.org/packages/c9/b8/e4b3ad92d249be5c83fa72916c9091b0965cb0faeff05d9a0a3870ae6bff/xxhash-3.5.0-cp313-cp313-macosx_10_13_x86_64.whl", hash = "sha256:37889a0d13b0b7d739cfc128b1c902f04e32de17b33d74b637ad42f1c55101f6", size = 31795 },
    { url = "https://files.pythonhosted.org/packages/fc/d8/b3627a0aebfbfa4c12a41e22af3742cf08c8ea84f5cc3367b5de2d039cce/xxhash-3.5.0-cp313-cp313-macosx_11_0_arm64.whl", hash = "sha256:97a662338797c660178e682f3bc180277b9569a59abfb5925e8620fba00b9fc5", size = 30792 },
    { url = "https://files.pythonhosted.org/packages/c3/cc/762312960691da989c7cd0545cb120ba2a4148741c6ba458aa723c00a3f8/xxhash-3.5.0-cp313-cp313-manylinux_2_17_aarch64.manylinux2014_aarch64.whl", hash = "sha256:7f85e0108d51092bdda90672476c7d909c04ada6923c14ff9d913c4f7dc8a3bc", size = 220950 },
    { url = "https://files.pythonhosted.org/packages/fe/e9/cc266f1042c3c13750e86a535496b58beb12bf8c50a915c336136f6168dc/xxhash-3.5.0-cp313-cp313-manylinux_2_17_ppc64le.manylinux2014_ppc64le.whl", hash = "sha256:cd2fd827b0ba763ac919440042302315c564fdb797294d86e8cdd4578e3bc7f3", size = 199980 },
    { url = "https://files.pythonhosted.org/packages/bf/85/a836cd0dc5cc20376de26b346858d0ac9656f8f730998ca4324921a010b9/xxhash-3.5.0-cp313-cp313-manylinux_2_17_s390x.manylinux2014_s390x.whl", hash = "sha256:82085c2abec437abebf457c1d12fccb30cc8b3774a0814872511f0f0562c768c", size = 428324 },
    { url = "https://files.pythonhosted.org/packages/b4/0e/15c243775342ce840b9ba34aceace06a1148fa1630cd8ca269e3223987f5/xxhash-3.5.0-cp313-cp313-manylinux_2_17_x86_64.manylinux2014_x86_64.whl", hash = "sha256:07fda5de378626e502b42b311b049848c2ef38784d0d67b6f30bb5008642f8eb", size = 194370 },
    { url = "https://files.pythonhosted.org/packages/87/a1/b028bb02636dfdc190da01951d0703b3d904301ed0ef6094d948983bef0e/xxhash-3.5.0-cp313-cp313-manylinux_2_5_i686.manylinux1_i686.manylinux_2_17_i686.manylinux2014_i686.whl", hash = "sha256:c279f0d2b34ef15f922b77966640ade58b4ccdfef1c4d94b20f2a364617a493f", size = 207911 },
    { url = "https://files.pythonhosted.org/packages/80/d5/73c73b03fc0ac73dacf069fdf6036c9abad82de0a47549e9912c955ab449/xxhash-3.5.0-cp313-cp313-musllinux_1_2_aarch64.whl", hash = "sha256:89e66ceed67b213dec5a773e2f7a9e8c58f64daeb38c7859d8815d2c89f39ad7", size = 216352 },
    { url = "https://files.pythonhosted.org/packages/b6/2a/5043dba5ddbe35b4fe6ea0a111280ad9c3d4ba477dd0f2d1fe1129bda9d0/xxhash-3.5.0-cp313-cp313-musllinux_1_2_i686.whl", hash = "sha256:bcd51708a633410737111e998ceb3b45d3dbc98c0931f743d9bb0a209033a326", size = 203410 },
    { url = "https://files.pythonhosted.org/packages/a2/b2/9a8ded888b7b190aed75b484eb5c853ddd48aa2896e7b59bbfbce442f0a1/xxhash-3.5.0-cp313-cp313-musllinux_1_2_ppc64le.whl", hash = "sha256:3ff2c0a34eae7df88c868be53a8dd56fbdf592109e21d4bfa092a27b0bf4a7bf", size = 210322 },
    { url = "https://files.pythonhosted.org/packages/98/62/440083fafbc917bf3e4b67c2ade621920dd905517e85631c10aac955c1d2/xxhash-3.5.0-cp313-cp313-musllinux_1_2_s390x.whl", hash = "sha256:4e28503dccc7d32e0b9817aa0cbfc1f45f563b2c995b7a66c4c8a0d232e840c7", size = 414725 },
    { url = "https://files.pythonhosted.org/packages/75/db/009206f7076ad60a517e016bb0058381d96a007ce3f79fa91d3010f49cc2/xxhash-3.5.0-cp313-cp313-musllinux_1_2_x86_64.whl", hash = "sha256:a6c50017518329ed65a9e4829154626f008916d36295b6a3ba336e2458824c8c", size = 192070 },
    { url = "https://files.pythonhosted.org/packages/1f/6d/c61e0668943a034abc3a569cdc5aeae37d686d9da7e39cf2ed621d533e36/xxhash-3.5.0-cp313-cp313-win32.whl", hash = "sha256:53a068fe70301ec30d868ece566ac90d873e3bb059cf83c32e76012c889b8637", size = 30172 },
    { url = "https://files.pythonhosted.org/packages/96/14/8416dce965f35e3d24722cdf79361ae154fa23e2ab730e5323aa98d7919e/xxhash-3.5.0-cp313-cp313-win_amd64.whl", hash = "sha256:80babcc30e7a1a484eab952d76a4f4673ff601f54d5142c26826502740e70b43", size = 30041 },
    { url = "https://files.pythonhosted.org/packages/27/ee/518b72faa2073f5aa8e3262408d284892cb79cf2754ba0c3a5870645ef73/xxhash-3.5.0-cp313-cp313-win_arm64.whl", hash = "sha256:4811336f1ce11cac89dcbd18f3a25c527c16311709a89313c3acaf771def2d4b", size = 26801 },
    { url = "https://files.pythonhosted.org/packages/d4/f6/531dd6858adf8877675270b9d6989b6dacfd1c2d7135b17584fc29866df3/xxhash-3.5.0-cp39-cp39-macosx_10_9_x86_64.whl", hash = "sha256:bfc8cdd7f33d57f0468b0614ae634cc38ab9202c6957a60e31d285a71ebe0301", size = 31971 },
    { url = "https://files.pythonhosted.org/packages/7c/a8/b2a42b6c9ae46e233f474f3d307c2e7bca8d9817650babeca048d2ad01d6/xxhash-3.5.0-cp39-cp39-macosx_11_0_arm64.whl", hash = "sha256:e0c48b6300cd0b0106bf49169c3e0536408dfbeb1ccb53180068a18b03c662ab", size = 30801 },
    { url = "https://files.pythonhosted.org/packages/b4/92/9ac297e3487818f429bcf369c1c6a097edf5b56ed6fc1feff4c1882e87ef/xxhash-3.5.0-cp39-cp39-manylinux_2_17_aarch64.manylinux2014_aarch64.whl", hash = "sha256:fe1a92cfbaa0a1253e339ccec42dbe6db262615e52df591b68726ab10338003f", size = 220644 },
    { url = "https://files.pythonhosted.org/packages/86/48/c1426dd3c86fc4a52f983301867463472f6a9013fb32d15991e60c9919b6/xxhash-3.5.0-cp39-cp39-manylinux_2_17_ppc64le.manylinux2014_ppc64le.whl", hash = "sha256:33513d6cc3ed3b559134fb307aae9bdd94d7e7c02907b37896a6c45ff9ce51bd", size = 200021 },
    { url = "https://files.pythonhosted.org/packages/f3/de/0ab8c79993765c94fc0d0c1a22b454483c58a0161e1b562f58b654f47660/xxhash-3.5.0-cp39-cp39-manylinux_2_17_s390x.manylinux2014_s390x.whl", hash = "sha256:eefc37f6138f522e771ac6db71a6d4838ec7933939676f3753eafd7d3f4c40bc", size = 428217 },
    { url = "https://files.pythonhosted.org/packages/b4/b4/332647451ed7d2c021294b7c1e9c144dbb5586b1fb214ad4f5a404642835/xxhash-3.5.0-cp39-cp39-manylinux_2_17_x86_64.manylinux2014_x86_64.whl", hash = "sha256:a606c8070ada8aa2a88e181773fa1ef17ba65ce5dd168b9d08038e2a61b33754", size = 193868 },
    { url = "https://files.pythonhosted.org/packages/f4/1c/a42c0a6cac752f84f7b44a90d1a9fa9047cf70bdba5198a304fde7cc471f/xxhash-3.5.0-cp39-cp39-manylinux_2_5_i686.manylinux1_i686.manylinux_2_17_i686.manylinux2014_i686.whl", hash = "sha256:42eca420c8fa072cc1dd62597635d140e78e384a79bb4944f825fbef8bfeeef6", size = 207403 },
    { url = "https://files.pythonhosted.org/packages/c4/d7/04e1b0daae9dc9b02c73c1664cc8aa527498c3f66ccbc586eeb25bbe9f14/xxhash-3.5.0-cp39-cp39-musllinux_1_2_aarch64.whl", hash = "sha256:604253b2143e13218ff1ef0b59ce67f18b8bd1c4205d2ffda22b09b426386898", size = 215978 },
    { url = "https://files.pythonhosted.org/packages/c4/f4/05e15e67505228fc19ee98a79e427b3a0b9695f5567cd66ced5d66389883/xxhash-3.5.0-cp39-cp39-musllinux_1_2_i686.whl", hash = "sha256:6e93a5ad22f434d7876665444a97e713a8f60b5b1a3521e8df11b98309bff833", size = 202416 },
    { url = "https://files.pythonhosted.org/packages/94/fb/e9028d3645bba5412a09de13ee36df276a567e60bdb31d499dafa46d76ae/xxhash-3.5.0-cp39-cp39-musllinux_1_2_ppc64le.whl", hash = "sha256:7a46e1d6d2817ba8024de44c4fd79913a90e5f7265434cef97026215b7d30df6", size = 209853 },
    { url = "https://files.pythonhosted.org/packages/02/2c/18c6a622429368274739372d2f86c8125413ec169025c7d8ffb051784bba/xxhash-3.5.0-cp39-cp39-musllinux_1_2_s390x.whl", hash = "sha256:30eb2efe6503c379b7ab99c81ba4a779748e3830241f032ab46bd182bf5873af", size = 413926 },
    { url = "https://files.pythonhosted.org/packages/72/bb/5b55c391084a0321c3809632a018b9b657e59d5966289664f85a645942ac/xxhash-3.5.0-cp39-cp39-musllinux_1_2_x86_64.whl", hash = "sha256:c8aa771ff2c13dd9cda8166d685d7333d389fae30a4d2bb39d63ab5775de8606", size = 191156 },
    { url = "https://files.pythonhosted.org/packages/86/2b/915049db13401792fec159f57e4f4a5ca7a9768e83ef71d6645b9d0cd749/xxhash-3.5.0-cp39-cp39-win32.whl", hash = "sha256:5ed9ebc46f24cf91034544b26b131241b699edbfc99ec5e7f8f3d02d6eb7fba4", size = 30122 },
    { url = "https://files.pythonhosted.org/packages/d5/87/382ef7b24917d7cf4c540ee30f29b283bc87ac5893d2f89b23ea3cdf7d77/xxhash-3.5.0-cp39-cp39-win_amd64.whl", hash = "sha256:220f3f896c6b8d0316f63f16c077d52c412619e475f9372333474ee15133a558", size = 30021 },
    { url = "https://files.pythonhosted.org/packages/e2/47/d06b24e2d9c3dcabccfd734d11b5bbebfdf59ceac2c61509d8205dd20ac6/xxhash-3.5.0-cp39-cp39-win_arm64.whl", hash = "sha256:a7b1d8315d9b5e9f89eb2933b73afae6ec9597a258d52190944437158b49d38e", size = 26780 },
    { url = "https://files.pythonhosted.org/packages/ab/9a/233606bada5bd6f50b2b72c45de3d9868ad551e83893d2ac86dc7bb8553a/xxhash-3.5.0-pp310-pypy310_pp73-macosx_10_15_x86_64.whl", hash = "sha256:2014c5b3ff15e64feecb6b713af12093f75b7926049e26a580e94dcad3c73d8c", size = 29732 },
    { url = "https://files.pythonhosted.org/packages/0c/67/f75276ca39e2c6604e3bee6c84e9db8a56a4973fde9bf35989787cf6e8aa/xxhash-3.5.0-pp310-pypy310_pp73-manylinux_2_17_aarch64.manylinux2014_aarch64.whl", hash = "sha256:fab81ef75003eda96239a23eda4e4543cedc22e34c373edcaf744e721a163986", size = 36214 },
    { url = "https://files.pythonhosted.org/packages/0f/f8/f6c61fd794229cc3848d144f73754a0c107854372d7261419dcbbd286299/xxhash-3.5.0-pp310-pypy310_pp73-manylinux_2_17_x86_64.manylinux2014_x86_64.whl", hash = "sha256:4e2febf914ace002132aa09169cc572e0d8959d0f305f93d5828c4836f9bc5a6", size = 32020 },
    { url = "https://files.pythonhosted.org/packages/79/d3/c029c99801526f859e6b38d34ab87c08993bf3dcea34b11275775001638a/xxhash-3.5.0-pp310-pypy310_pp73-manylinux_2_5_i686.manylinux1_i686.manylinux_2_17_i686.manylinux2014_i686.whl", hash = "sha256:5d3a10609c51da2a1c0ea0293fc3968ca0a18bd73838455b5bca3069d7f8e32b", size = 40515 },
    { url = "https://files.pythonhosted.org/packages/62/e3/bef7b82c1997579c94de9ac5ea7626d01ae5858aa22bf4fcb38bf220cb3e/xxhash-3.5.0-pp310-pypy310_pp73-win_amd64.whl", hash = "sha256:5a74f23335b9689b66eb6dbe2a931a88fcd7a4c2cc4b1cb0edba8ce381c7a1da", size = 30064 },
    { url = "https://files.pythonhosted.org/packages/c2/56/30d3df421814947f9d782b20c9b7e5e957f3791cbd89874578011daafcbd/xxhash-3.5.0-pp39-pypy39_pp73-macosx_10_15_x86_64.whl", hash = "sha256:531af8845aaadcadf951b7e0c1345c6b9c68a990eeb74ff9acd8501a0ad6a1c9", size = 29734 },
    { url = "https://files.pythonhosted.org/packages/82/dd/3c42a1f022ad0d82c852d3cb65493ebac03dcfa8c994465a5fb052b00e3c/xxhash-3.5.0-pp39-pypy39_pp73-manylinux_2_17_aarch64.manylinux2014_aarch64.whl", hash = "sha256:7ce379bcaa9fcc00f19affa7773084dd09f5b59947b3fb47a1ceb0179f91aaa1", size = 36216 },
    { url = "https://files.pythonhosted.org/packages/b2/40/8f902ab3bebda228a9b4de69eba988280285a7f7f167b942bc20bb562df9/xxhash-3.5.0-pp39-pypy39_pp73-manylinux_2_17_x86_64.manylinux2014_x86_64.whl", hash = "sha256:fd1b2281d01723f076df3c8188f43f2472248a6b63118b036e641243656b1b0f", size = 32042 },
    { url = "https://files.pythonhosted.org/packages/db/87/bd06beb8ccaa0e9e577c9b909a49cfa5c5cd2ca46034342d72dd9ce5bc56/xxhash-3.5.0-pp39-pypy39_pp73-manylinux_2_5_i686.manylinux1_i686.manylinux_2_17_i686.manylinux2014_i686.whl", hash = "sha256:9c770750cc80e8694492244bca7251385188bc5597b6a39d98a9f30e8da984e0", size = 40516 },
    { url = "https://files.pythonhosted.org/packages/bb/f8/505385e2fbd753ddcaafd5550eabe86f6232cbebabad3b2508d411b19153/xxhash-3.5.0-pp39-pypy39_pp73-win_amd64.whl", hash = "sha256:b150b8467852e1bd844387459aa6fbe11d7f38b56e901f9f3b3e6aba0d660240", size = 30108 },
]
