version = 1
requires-python = ">=3.10"

[options]
resolution-mode = "lowest-direct"

[[package]]
name = "cloudpickle"
version = "3.1.0"
source = { registry = "https://pypi.org/simple" }
sdist = { url = "https://files.pythonhosted.org/packages/97/c7/f746cadd08c4c08129215cf1b984b632f9e579fc781301e63da9e85c76c1/cloudpickle-3.1.0.tar.gz", hash = "sha256:81a929b6e3c7335c863c771d673d105f02efdb89dfaba0c90495d1c64796601b", size = 66155 }
wheels = [
    { url = "https://files.pythonhosted.org/packages/48/41/e1d85ca3cab0b674e277c8c4f678cf66a91cd2cecf93df94353a606fe0db/cloudpickle-3.1.0-py3-none-any.whl", hash = "sha256:fe11acda67f61aaaec473e3afe030feb131d78a43461b718185363384f1ba12e", size = 22021 },
]

[[package]]
name = "colorama"
version = "0.4.6"
source = { registry = "https://pypi.org/simple" }
sdist = { url = "https://files.pythonhosted.org/packages/d8/53/6f443c9a4a8358a93a6792e2acffb9d9d5cb0a5cfd8802644b7b1c9a02e4/colorama-0.4.6.tar.gz", hash = "sha256:08695f5cb7ed6e0531a20572697297273c47b8cae5a63ffc6d6ed5c201be6e44", size = 27697 }
wheels = [
    { url = "https://files.pythonhosted.org/packages/d1/d6/3965ed04c63042e047cb6a3e6ed1a63a35087b6a609aa3a15ed8ac56c221/colorama-0.4.6-py2.py3-none-any.whl", hash = "sha256:4f1d9991f5acc0ca119f9d443620b77f9d6b33703e51011c16baf57afb285fc6", size = 25335 },
]

[[package]]
name = "dill"
version = "0.3.8"
source = { registry = "https://pypi.org/simple" }
sdist = { url = "https://files.pythonhosted.org/packages/17/4d/ac7ffa80c69ea1df30a8aa11b3578692a5118e7cd1aa157e3ef73b092d15/dill-0.3.8.tar.gz", hash = "sha256:3ebe3c479ad625c4553aca177444d89b486b1d84982eeacded644afc0cf797ca", size = 184847 }
wheels = [
    { url = "https://files.pythonhosted.org/packages/c9/7a/cef76fd8438a42f96db64ddaa85280485a9c395e7df3db8158cfec1eee34/dill-0.3.8-py3-none-any.whl", hash = "sha256:c36ca9ffb54365bdd2f8eb3eff7d2a21237f8452b57ace88b1ac615b7e815bd7", size = 116252 },
]

[[package]]
name = "exceptiongroup"
version = "1.2.2"
source = { registry = "https://pypi.org/simple" }
sdist = { url = "https://files.pythonhosted.org/packages/09/35/2495c4ac46b980e4ca1f6ad6db102322ef3ad2410b79fdde159a4b0f3b92/exceptiongroup-1.2.2.tar.gz", hash = "sha256:47c2edf7c6738fafb49fd34290706d1a1a2f4d1c6df275526b62cbb4aa5393cc", size = 28883 }
wheels = [
    { url = "https://files.pythonhosted.org/packages/02/cc/b7e31358aac6ed1ef2bb790a9746ac2c69bcb3c8588b41616914eb106eaf/exceptiongroup-1.2.2-py3-none-any.whl", hash = "sha256:3111b9d131c238bec2f8f516e123e14ba243563fb135d3fe885990585aa7795b", size = 16453 },
]

[[package]]
name = "iniconfig"
version = "2.0.0"
source = { registry = "https://pypi.org/simple" }
sdist = { url = "https://files.pythonhosted.org/packages/d7/4b/cbd8e699e64a6f16ca3a8220661b5f83792b3017d0f79807cb8708d33913/iniconfig-2.0.0.tar.gz", hash = "sha256:2d91e135bf72d31a410b17c16da610a82cb55f6b0477d1a902134b24a455b8b3", size = 4646 }
wheels = [
    { url = "https://files.pythonhosted.org/packages/ef/a6/62565a6e1cf69e10f5727360368e451d4b7f58beeac6173dc9db836a5b46/iniconfig-2.0.0-py3-none-any.whl", hash = "sha256:b6a85871a79d2e3b22d2d1b94ac2824226a63c6b741c88f7ae975f18b6778374", size = 5892 },
]

[[package]]
name = "misen"
version = "0.1.0"
source = { editable = "." }
dependencies = [
    { name = "dill" },
    { name = "ormsgpack" },
    { name = "xxhash" },
]

[package.dev-dependencies]
dev = [
    { name = "pyright" },
    { name = "pytest" },
    { name = "ruff" },
]
slurm = [
    { name = "submitit" },
]

[package.metadata]
requires-dist = [
    { name = "dill", specifier = ">=0.3.6" },
    { name = "ormsgpack", specifier = ">=1.5.0" },
    { name = "xxhash", specifier = ">=3.0" },
]

[package.metadata.requires-dev]
dev = [
    { name = "pyright", specifier = "==1.1.388" },
    { name = "pytest", specifier = "==8.3.3" },
    { name = "ruff", specifier = "==0.7.2" },
]
slurm = [{ name = "submitit", specifier = ">=1.5.0" }]

[[package]]
name = "nodeenv"
version = "1.9.1"
source = { registry = "https://pypi.org/simple" }
sdist = { url = "https://files.pythonhosted.org/packages/43/16/fc88b08840de0e0a72a2f9d8c6bae36be573e475a6326ae854bcc549fc45/nodeenv-1.9.1.tar.gz", hash = "sha256:6ec12890a2dab7946721edbfbcd91f3319c6ccc9aec47be7c7e6b7011ee6645f", size = 47437 }
wheels = [
    { url = "https://files.pythonhosted.org/packages/d2/1d/1b658dbd2b9fa9c4c9f32accbfc0205d532c8c6194dc0f2a4c0428e7128a/nodeenv-1.9.1-py2.py3-none-any.whl", hash = "sha256:ba11c9782d29c27c70ffbdda2d7415098754709be8a7056d79a737cd901155c9", size = 22314 },
]

[[package]]
name = "ormsgpack"
version = "1.5.0"
source = { registry = "https://pypi.org/simple" }
sdist = { url = "https://files.pythonhosted.org/packages/c5/70/11a6ab33136c2f98bb64e96743a55c7a87b87bae0413460cab7cc5764951/ormsgpack-1.5.0.tar.gz", hash = "sha256:00c0743ebaa8d21f1c868fbb609c99151ea79e67fec98b51a29077efd91ce348", size = 54353 }
wheels = [
    { url = "https://files.pythonhosted.org/packages/e5/6f/38f1466b866eecc3ad9851573dec366b7eb7f0788725324825561a1e9abd/ormsgpack-1.5.0-cp310-cp310-macosx_10_12_x86_64.macosx_11_0_arm64.macosx_10_12_universal2.whl", hash = "sha256:98efdbb1f8c4a172a05143bbbc000491ca7d99644521ad90a15d5e96c7895fba", size = 426631 },
    { url = "https://files.pythonhosted.org/packages/f6/31/4542b5c2e25218f559722907866c8d00da4fad2842912920a0add257904a/ormsgpack-1.5.0-cp310-cp310-manylinux_2_17_aarch64.manylinux2014_aarch64.whl", hash = "sha256:091bb019b3101dd034515dce13852f4250aa2ee406e6ac5cb8d745dc1e146e6f", size = 276769 },
    { url = "https://files.pythonhosted.org/packages/8f/cd/228d631ef16b640301d99515dc906a4d5339096ca83eb30b7bf64b2623eb/ormsgpack-1.5.0-cp310-cp310-manylinux_2_17_armv7l.manylinux2014_armv7l.whl", hash = "sha256:7ee97e618e852891e3cb3ae8a0662d54e289e7ba438fc245e70643c6f0b16849", size = 280603 },
    { url = "https://files.pythonhosted.org/packages/53/9b/1fc54fd06f4b46f4ce5041ce3382abe36e7f63f621809925369435494eaa/ormsgpack-1.5.0-cp310-cp310-manylinux_2_17_x86_64.manylinux2014_x86_64.whl", hash = "sha256:789725c38493509a1c7a0a25d9baaf2edc120a38a51e0a85008215de25d034c7", size = 276102 },
    { url = "https://files.pythonhosted.org/packages/f2/0b/53946f84370eafd9f80ffeeb21ecbeb0caac2ab044c79e33e555fb1b95bc/ormsgpack-1.5.0-cp310-none-win_amd64.whl", hash = "sha256:c81dfcaef16e1a0583f1491441d6f7888b742d72dc299fdeddc3da069774ede4", size = 154899 },
    { url = "https://files.pythonhosted.org/packages/2b/5d/86e05c01247081ecae8dfbf8bf160ff4d7656417f6a01bae51d23d60cc2c/ormsgpack-1.5.0-cp311-cp311-macosx_10_12_x86_64.macosx_11_0_arm64.macosx_10_12_universal2.whl", hash = "sha256:a94c8dfe1ee41e536b9c20af48b191fcae89b015b7fcbef0909915c0d5624c8d", size = 426630 },
    { url = "https://files.pythonhosted.org/packages/3e/36/389f38d3ab157ceeef91971f82eec7058bc7c3453d9d4d5ef29892889761/ormsgpack-1.5.0-cp311-cp311-manylinux_2_17_aarch64.manylinux2014_aarch64.whl", hash = "sha256:fb56792348a674ae8915106bdf7b02720852fc195fdda23884c24a5f05e5fd9a", size = 276769 },
    { url = "https://files.pythonhosted.org/packages/db/2c/a51aec641011337813cdca24e5a4eee6f5a2bbc7f489af04144fc9d8a307/ormsgpack-1.5.0-cp311-cp311-manylinux_2_17_armv7l.manylinux2014_armv7l.whl", hash = "sha256:044856a25c2fa19261f02a6f7a9b5329e90a51cf45780cface01b667cc21ac3d", size = 280602 },
    { url = "https://files.pythonhosted.org/packages/c0/66/d33df5efe53dae713dba02876fe179c2e1bfeab7dc1896d4c8cef7d6fb80/ormsgpack-1.5.0-cp311-cp311-manylinux_2_17_x86_64.manylinux2014_x86_64.whl", hash = "sha256:111214ea0970eb49b19ffa1fde94996f09efa4d8585986be9d5b81492fa1e3fc", size = 276101 },
    { url = "https://files.pythonhosted.org/packages/63/c0/f4270c6622198fc121847a9e9b567e88cc60e84b0125647163e97fa9a89b/ormsgpack-1.5.0-cp311-none-win_amd64.whl", hash = "sha256:e2a28bfc10cb492659c8704007567483aa3cfc863a22fd5973309373f396c9e1", size = 154908 },
    { url = "https://files.pythonhosted.org/packages/47/19/df1626f9c149a20d2273eecf97ae913a026be2730264db86126ac3e594db/ormsgpack-1.5.0-cp312-cp312-macosx_10_12_x86_64.macosx_11_0_arm64.macosx_10_12_universal2.whl", hash = "sha256:a921b0d54b5fb5ba1ea4e87c65caa8992736224f1fc5ce8f46a882e918c8e22d", size = 427447 },
    { url = "https://files.pythonhosted.org/packages/82/cc/bad6d4a237ff0943cb1c8c4a12fe95bcd7ff81c0f8bca26340efd599aa1d/ormsgpack-1.5.0-cp312-cp312-manylinux_2_17_aarch64.manylinux2014_aarch64.whl", hash = "sha256:c6d423668e2c3abdbc474562b1c73360ff7326f06cb9532dcb73254b5b63dae4", size = 276867 },
    { url = "https://files.pythonhosted.org/packages/c7/d1/3ed38a54923fe04eace750c0f0adbc149fb2b028375c71e864aee5e2d6d6/ormsgpack-1.5.0-cp312-cp312-manylinux_2_17_armv7l.manylinux2014_armv7l.whl", hash = "sha256:eeb2dd4ed3e503a8266dcbfbb8d810a36baa34e4bb4229e90e9c213058a06d74", size = 280728 },
    { url = "https://files.pythonhosted.org/packages/9b/52/0261a80de2486793b4844c2668b17f49d03a20aba13a8d3d975831b1d866/ormsgpack-1.5.0-cp312-cp312-manylinux_2_17_x86_64.manylinux2014_x86_64.whl", hash = "sha256:6f13bd643df1324e8797caba4c5c0168a87524df8424e8413ba29723e89a586a", size = 276644 },
    { url = "https://files.pythonhosted.org/packages/b7/f0/2ebda08824d4f658c5ad048bcbe64e352b637b661b4d26c51d7403d30569/ormsgpack-1.5.0-cp312-none-win_amd64.whl", hash = "sha256:e016da381a126478c4bafab0ae19d3a2537f6471341ecced4bb61471e8841cad", size = 155198 },
]

[[package]]
name = "packaging"
version = "24.2"
source = { registry = "https://pypi.org/simple" }
sdist = { url = "https://files.pythonhosted.org/packages/d0/63/68dbb6eb2de9cb10ee4c9c14a0148804425e13c4fb20d61cce69f53106da/packaging-24.2.tar.gz", hash = "sha256:c228a6dc5e932d346bc5739379109d49e8853dd8223571c7c5b55260edc0b97f", size = 163950 }
wheels = [
    { url = "https://files.pythonhosted.org/packages/88/ef/eb23f262cca3c0c4eb7ab1933c3b1f03d021f2c48f54763065b6f0e321be/packaging-24.2-py3-none-any.whl", hash = "sha256:09abb1bccd265c01f4a3aa3f7a7db064b36514d2cba19a2f694fe6150451a759", size = 65451 },
]

[[package]]
name = "pluggy"
version = "1.5.0"
source = { registry = "https://pypi.org/simple" }
sdist = { url = "https://files.pythonhosted.org/packages/96/2d/02d4312c973c6050a18b314a5ad0b3210edb65a906f868e31c111dede4a6/pluggy-1.5.0.tar.gz", hash = "sha256:2cffa88e94fdc978c4c574f15f9e59b7f4201d439195c3715ca9e2486f1d0cf1", size = 67955 }
wheels = [
    { url = "https://files.pythonhosted.org/packages/88/5f/e351af9a41f866ac3f1fac4ca0613908d9a41741cfcf2228f4ad853b697d/pluggy-1.5.0-py3-none-any.whl", hash = "sha256:44e1ad92c8ca002de6377e165f3e0f1be63266ab4d554740532335b9d75ea669", size = 20556 },
]

[[package]]
name = "pyright"
version = "1.1.388"
source = { registry = "https://pypi.org/simple" }
dependencies = [
    { name = "nodeenv" },
    { name = "typing-extensions" },
]
sdist = { url = "https://files.pythonhosted.org/packages/9c/83/e9867538a794638d2d20ac3ab3106a31aca1d9cfea530c9b2921809dae03/pyright-1.1.388.tar.gz", hash = "sha256:0166d19b716b77fd2d9055de29f71d844874dbc6b9d3472ccd22df91db3dfa34", size = 21939 }
wheels = [
    { url = "https://files.pythonhosted.org/packages/03/57/7fb00363b7f267a398c5bdf4f55f3e64f7c2076b2e7d2901b3373d52b6ff/pyright-1.1.388-py3-none-any.whl", hash = "sha256:c7068e9f2c23539c6ac35fc9efac6c6c1b9aa5a0ce97a9a8a6cf0090d7cbf84c", size = 18579 },
]

[[package]]
name = "pytest"
version = "8.3.3"
source = { registry = "https://pypi.org/simple" }
dependencies = [
    { name = "colorama", marker = "sys_platform == 'win32'" },
    { name = "exceptiongroup", marker = "python_full_version < '3.11'" },
    { name = "iniconfig" },
    { name = "packaging" },
    { name = "pluggy" },
    { name = "tomli", marker = "python_full_version < '3.11'" },
]
sdist = { url = "https://files.pythonhosted.org/packages/8b/6c/62bbd536103af674e227c41a8f3dcd022d591f6eed5facb5a0f31ee33bbc/pytest-8.3.3.tar.gz", hash = "sha256:70b98107bd648308a7952b06e6ca9a50bc660be218d53c257cc1fc94fda10181", size = 1442487 }
wheels = [
    { url = "https://files.pythonhosted.org/packages/6b/77/7440a06a8ead44c7757a64362dd22df5760f9b12dc5f11b6188cd2fc27a0/pytest-8.3.3-py3-none-any.whl", hash = "sha256:a6853c7375b2663155079443d2e45de913a911a11d669df02a50814944db57b2", size = 342341 },
]

[[package]]
name = "ruff"
version = "0.7.2"
source = { registry = "https://pypi.org/simple" }
sdist = { url = "https://files.pythonhosted.org/packages/95/51/231bb3790e5b0b9fd4131f9a231d73d061b3667522e3f406fd9b63334d0e/ruff-0.7.2.tar.gz", hash = "sha256:2b14e77293380e475b4e3a7a368e14549288ed2931fce259a6f99978669e844f", size = 3210036 }
wheels = [
    { url = "https://files.pythonhosted.org/packages/5c/56/0caa2b5745d66a39aa239c01059f6918fc76ed8380033d2f44bf297d141d/ruff-0.7.2-py3-none-linux_armv6l.whl", hash = "sha256:b73f873b5f52092e63ed540adefc3c36f1f803790ecf2590e1df8bf0a9f72cb8", size = 10373973 },
    { url = "https://files.pythonhosted.org/packages/1a/33/cad6ff306731f335d481c50caa155b69a286d5b388e87ff234cd2a4b3557/ruff-0.7.2-py3-none-macosx_10_12_x86_64.whl", hash = "sha256:5b813ef26db1015953daf476202585512afd6a6862a02cde63f3bafb53d0b2d4", size = 10171140 },
    { url = "https://files.pythonhosted.org/packages/97/f5/6a2ca5c9ba416226eac9cf8121a1baa6f06655431937e85f38ffcb9d0d01/ruff-0.7.2-py3-none-macosx_11_0_arm64.whl", hash = "sha256:853277dbd9675810c6826dad7a428d52a11760744508340e66bf46f8be9701d9", size = 9809333 },
    { url = "https://files.pythonhosted.org/packages/16/83/e3e87f13d1a1dc205713632978cd7bc287a59b08bc95780dbe359b9aefcb/ruff-0.7.2-py3-none-manylinux_2_17_aarch64.manylinux2014_aarch64.whl", hash = "sha256:21aae53ab1490a52bf4e3bf520c10ce120987b047c494cacf4edad0ba0888da2", size = 10622987 },
    { url = "https://files.pythonhosted.org/packages/22/16/97ccab194480e99a2e3c77ae132b3eebfa38c2112747570c403a4a13ba3a/ruff-0.7.2-py3-none-manylinux_2_17_armv7l.manylinux2014_armv7l.whl", hash = "sha256:ccc7e0fc6e0cb3168443eeadb6445285abaae75142ee22b2b72c27d790ab60ba", size = 10184640 },
    { url = "https://files.pythonhosted.org/packages/97/1b/82ff05441b036f68817296c14f24da47c591cb27acfda473ee571a5651ac/ruff-0.7.2-py3-none-manylinux_2_17_i686.manylinux2014_i686.whl", hash = "sha256:fd77877a4e43b3a98e5ef4715ba3862105e299af0c48942cc6d51ba3d97dc859", size = 11210203 },
    { url = "https://files.pythonhosted.org/packages/a6/96/7ecb30a7ef7f942e2d8e0287ad4c1957dddc6c5097af4978c27cfc334f97/ruff-0.7.2-py3-none-manylinux_2_17_ppc64.manylinux2014_ppc64.whl", hash = "sha256:e00163fb897d35523c70d71a46fbaa43bf7bf9af0f4534c53ea5b96b2e03397b", size = 11870894 },
    { url = "https://files.pythonhosted.org/packages/06/6a/c716bb126218227f8e604a9c484836257708a05ee3d2ebceb666ff3d3867/ruff-0.7.2-py3-none-manylinux_2_17_ppc64le.manylinux2014_ppc64le.whl", hash = "sha256:f3c54b538633482dc342e9b634d91168fe8cc56b30a4b4f99287f4e339103e88", size = 11449533 },
    { url = "https://files.pythonhosted.org/packages/e6/2f/3a5f9f9478904e5ae9506ea699109070ead1e79aac041e872cbaad8a7458/ruff-0.7.2-py3-none-manylinux_2_17_s390x.manylinux2014_s390x.whl", hash = "sha256:7b792468e9804a204be221b14257566669d1db5c00d6bb335996e5cd7004ba80", size = 12607919 },
    { url = "https://files.pythonhosted.org/packages/a0/57/4642e57484d80d274750dcc872ea66655bbd7e66e986fede31e1865b463d/ruff-0.7.2-py3-none-manylinux_2_17_x86_64.manylinux2014_x86_64.whl", hash = "sha256:dba53ed84ac19ae4bfb4ea4bf0172550a2285fa27fbb13e3746f04c80f7fa088", size = 11016915 },
    { url = "https://files.pythonhosted.org/packages/4d/6d/59be6680abee34c22296ae3f46b2a3b91662b8b18ab0bf388b5eb1355c97/ruff-0.7.2-py3-none-musllinux_1_2_aarch64.whl", hash = "sha256:b19fafe261bf741bca2764c14cbb4ee1819b67adb63ebc2db6401dcd652e3748", size = 10625424 },
    { url = "https://files.pythonhosted.org/packages/82/e7/f6a643683354c9bc7879d2f228ee0324fea66d253de49273a0814fba1927/ruff-0.7.2-py3-none-musllinux_1_2_armv7l.whl", hash = "sha256:28bd8220f4d8f79d590db9e2f6a0674f75ddbc3847277dd44ac1f8d30684b828", size = 10233692 },
    { url = "https://files.pythonhosted.org/packages/d7/48/b4e02fc835cd7ed1ee7318d9c53e48bcf6b66301f55925a7dcb920e45532/ruff-0.7.2-py3-none-musllinux_1_2_i686.whl", hash = "sha256:9fd67094e77efbea932e62b5d2483006154794040abb3a5072e659096415ae1e", size = 10751825 },
    { url = "https://files.pythonhosted.org/packages/1e/06/6c5ee6ab7bb4cbad9e8bb9b2dd0d818c759c90c1c9e057c6ed70334b97f4/ruff-0.7.2-py3-none-musllinux_1_2_x86_64.whl", hash = "sha256:576305393998b7bd6c46018f8104ea3a9cb3fa7908c21d8580e3274a3b04b691", size = 11074811 },
    { url = "https://files.pythonhosted.org/packages/a1/16/8969304f25bcd0e4af1778342e63b715e91db8a2dbb51807acd858cba915/ruff-0.7.2-py3-none-win32.whl", hash = "sha256:fa993cfc9f0ff11187e82de874dfc3611df80852540331bc85c75809c93253a8", size = 8650268 },
    { url = "https://files.pythonhosted.org/packages/d9/18/c4b00d161def43fe5968e959039c8f6ce60dca762cec4a34e4e83a4210a0/ruff-0.7.2-py3-none-win_amd64.whl", hash = "sha256:dd8800cbe0254e06b8fec585e97554047fb82c894973f7ff18558eee33d1cb88", size = 9433693 },
    { url = "https://files.pythonhosted.org/packages/7f/7b/c920673ac01c19814dd15fc617c02301c522f3d6812ca2024f4588ed4549/ruff-0.7.2-py3-none-win_arm64.whl", hash = "sha256:bb8368cd45bba3f57bb29cbb8d64b4a33f8415d0149d2655c5c8539452ce7760", size = 8735845 },
]

[[package]]
name = "submitit"
version = "1.5.0"
source = { registry = "https://pypi.org/simple" }
dependencies = [
    { name = "cloudpickle" },
    { name = "typing-extensions" },
]
sdist = { url = "https://files.pythonhosted.org/packages/2a/18/46a96b4f8c4e73103d905baf5ef9735154e273f2a7888f6dbc364e91d45b/submitit-1.5.0.tar.gz", hash = "sha256:2766868e71656b1e278a42f33bced74faebf2c525dba74f4cc43be8cbef6c588", size = 79720 }
wheels = [
    { url = "https://files.pythonhosted.org/packages/84/d2/f620673750965ed7664560b6dc804cbd1e055fbb3b32d50a47f8617322c6/submitit-1.5.0-py3-none-any.whl", hash = "sha256:234e7d378eca33415fc82a6d700064d4a46345c214d508a5abc3cf0377fb072f", size = 74440 },
]

[[package]]
name = "tomli"
version = "2.0.2"
source = { registry = "https://pypi.org/simple" }
sdist = { url = "https://files.pythonhosted.org/packages/35/b9/de2a5c0144d7d75a57ff355c0c24054f965b2dc3036456ae03a51ea6264b/tomli-2.0.2.tar.gz", hash = "sha256:d46d457a85337051c36524bc5349dd91b1877838e2979ac5ced3e710ed8a60ed", size = 16096 }
wheels = [
    { url = "https://files.pythonhosted.org/packages/cf/db/ce8eda256fa131af12e0a76d481711abe4681b6923c27efb9a255c9e4594/tomli-2.0.2-py3-none-any.whl", hash = "sha256:2ebe24485c53d303f690b0ec092806a085f07af5a5aa1464f3931eec36caaa38", size = 13237 },
]

[[package]]
name = "typing-extensions"
version = "4.12.2"
source = { registry = "https://pypi.org/simple" }
sdist = { url = "https://files.pythonhosted.org/packages/df/db/f35a00659bc03fec321ba8bce9420de607a1d37f8342eee1863174c69557/typing_extensions-4.12.2.tar.gz", hash = "sha256:1a7ead55c7e559dd4dee8856e3a88b41225abfe1ce8df57b7c13915fe121ffb8", size = 85321 }
wheels = [
    { url = "https://files.pythonhosted.org/packages/26/9f/ad63fc0248c5379346306f8668cda6e2e2e9c95e01216d2b8ffd9ff037d0/typing_extensions-4.12.2-py3-none-any.whl", hash = "sha256:04e5ca0351e0f3f85c6853954072df659d0d13fac324d0072316b67d7794700d", size = 37438 },
]

[[package]]
name = "xxhash"
version = "3.4.1"
source = { registry = "https://pypi.org/simple" }
sdist = { url = "https://files.pythonhosted.org/packages/04/ef/1a95dc97a71b128a7c5fd531e42574b274629a4ad1354a694087e2305467/xxhash-3.4.1.tar.gz", hash = "sha256:0379d6cf1ff987cd421609a264ce025e74f346e3e145dd106c0cc2e3ec3f99a9", size = 84220 }
wheels = [
    { url = "https://files.pythonhosted.org/packages/36/5a/0bbf85a88e19d50e35caf55be7aa7377bafeacff6d1a78965e0fc78d7f41/xxhash-3.4.1-cp310-cp310-macosx_10_9_x86_64.whl", hash = "sha256:91dbfa55346ad3e18e738742236554531a621042e419b70ad8f3c1d9c7a16e7f", size = 31850 },
    { url = "https://files.pythonhosted.org/packages/ad/7f/dfdf25e416b67970e89d7b85b0e6a4860ec8a227544cb5db069617cc323e/xxhash-3.4.1-cp310-cp310-macosx_11_0_arm64.whl", hash = "sha256:665a65c2a48a72068fcc4d21721510df5f51f1142541c890491afc80451636d2", size = 30383 },
    { url = "https://files.pythonhosted.org/packages/f7/6f/15612eac54ab6a4e9e441ab14a08ba4fdfe6cce48d39f3fff46bcec1fc2a/xxhash-3.4.1-cp310-cp310-manylinux_2_17_aarch64.manylinux2014_aarch64.whl", hash = "sha256:bb11628470a6004dc71a09fe90c2f459ff03d611376c1debeec2d648f44cb693", size = 220888 },
    { url = "https://files.pythonhosted.org/packages/6b/db/37b282f55294813fe1d34f8219573a72a0976617a74345982be157ad7e3a/xxhash-3.4.1-cp310-cp310-manylinux_2_17_ppc64le.manylinux2014_ppc64le.whl", hash = "sha256:5bef2a7dc7b4f4beb45a1edbba9b9194c60a43a89598a87f1a0226d183764189", size = 200320 },
    { url = "https://files.pythonhosted.org/packages/ba/0a/e4c5057c3537884ffbcde785287927ec063d596c632ff01bb50a27728103/xxhash-3.4.1-cp310-cp310-manylinux_2_17_s390x.manylinux2014_s390x.whl", hash = "sha256:9c0f7b2d547d72c7eda7aa817acf8791f0146b12b9eba1d4432c531fb0352228", size = 428491 },
    { url = "https://files.pythonhosted.org/packages/80/8a/1dd41557883b6196f8f092011a5c1f72d4d44cf36d7b67d4a5efe3127949/xxhash-3.4.1-cp310-cp310-manylinux_2_17_x86_64.manylinux2014_x86_64.whl", hash = "sha256:00f2fdef6b41c9db3d2fc0e7f94cb3db86693e5c45d6de09625caad9a469635b", size = 194106 },
    { url = "https://files.pythonhosted.org/packages/cf/40/4905206cbb58737efc76dd0ea1b5d0ebf89d78afdff8ce484a20dd95bfe9/xxhash-3.4.1-cp310-cp310-manylinux_2_5_i686.manylinux1_i686.manylinux_2_17_i686.manylinux2014_i686.whl", hash = "sha256:23cfd9ca09acaf07a43e5a695143d9a21bf00f5b49b15c07d5388cadf1f9ce11", size = 207663 },
    { url = "https://files.pythonhosted.org/packages/34/b0/659d17d5530768c2de58336508b8aa10f159f02b1de8ce04369e01ad1ec5/xxhash-3.4.1-cp310-cp310-musllinux_1_1_aarch64.whl", hash = "sha256:6a9ff50a3cf88355ca4731682c168049af1ca222d1d2925ef7119c1a78e95b3b", size = 219944 },
    { url = "https://files.pythonhosted.org/packages/9a/c3/8cb52cc25731e304c2594b8a4749d9654817f6cb047d3b046691fa2f794c/xxhash-3.4.1-cp310-cp310-musllinux_1_1_i686.whl", hash = "sha256:f1d7c69a1e9ca5faa75546fdd267f214f63f52f12692f9b3a2f6467c9e67d5e7", size = 216495 },
    { url = "https://files.pythonhosted.org/packages/22/37/deac36a9f7632e5ddc236df5534289ca3f387b5c174d65359c2a06ed6182/xxhash-3.4.1-cp310-cp310-musllinux_1_1_ppc64le.whl", hash = "sha256:672b273040d5d5a6864a36287f3514efcd1d4b1b6a7480f294c4b1d1ee1b8de0", size = 227171 },
    { url = "https://files.pythonhosted.org/packages/24/4a/a5b29f30280e484531895d555af9491418f3892f0c4520dc7e44209cb55c/xxhash-3.4.1-cp310-cp310-musllinux_1_1_s390x.whl", hash = "sha256:4178f78d70e88f1c4a89ff1ffe9f43147185930bb962ee3979dba15f2b1cc799", size = 303077 },
    { url = "https://files.pythonhosted.org/packages/92/51/2d7947145b01e648c95e1cb44d87e6047e1a25b504b9b2b441d74586980e/xxhash-3.4.1-cp310-cp310-musllinux_1_1_x86_64.whl", hash = "sha256:9804b9eb254d4b8cc83ab5a2002128f7d631dd427aa873c8727dba7f1f0d1c2b", size = 196464 },
    { url = "https://files.pythonhosted.org/packages/6c/a3/d739a94f3c96b5698e15b7e1546bcd0b6e43f6e604c588ead42e6d0058c1/xxhash-3.4.1-cp310-cp310-win32.whl", hash = "sha256:c09c49473212d9c87261d22c74370457cfff5db2ddfc7fd1e35c80c31a8c14ce", size = 30064 },
    { url = "https://files.pythonhosted.org/packages/a5/b0/2950f76c07e467586d01d9a6cdd4ac668c13d20de5fde49af5364f513e54/xxhash-3.4.1-cp310-cp310-win_amd64.whl", hash = "sha256:ebbb1616435b4a194ce3466d7247df23499475c7ed4eb2681a1fa42ff766aff6", size = 29948 },
    { url = "https://files.pythonhosted.org/packages/fb/7a/31739a48da3121efc7740f7b297804a7386f7053ea9adad834f49cb83967/xxhash-3.4.1-cp310-cp310-win_arm64.whl", hash = "sha256:25dc66be3db54f8a2d136f695b00cfe88018e59ccff0f3b8f545869f376a8a46", size = 26719 },
    { url = "https://files.pythonhosted.org/packages/38/c7/399b07b6af0c89bc96361d9058132b052770d89ae90b7e8a67241ea5a30d/xxhash-3.4.1-cp311-cp311-macosx_10_9_x86_64.whl", hash = "sha256:58c49083801885273e262c0f5bbeac23e520564b8357fbb18fb94ff09d3d3ea5", size = 31854 },
    { url = "https://files.pythonhosted.org/packages/9c/0a/d0fd8d78c8a2c3c3b34e7a9dccf85f01bf38f32e0228d107fa3903e0981f/xxhash-3.4.1-cp311-cp311-macosx_11_0_arm64.whl", hash = "sha256:b526015a973bfbe81e804a586b703f163861da36d186627e27524f5427b0d520", size = 30379 },
    { url = "https://files.pythonhosted.org/packages/ca/8a/0c89f4ea4cd93a4b2728f742ddb2315bb56206538dc893d49d9bb890c464/xxhash-3.4.1-cp311-cp311-manylinux_2_17_aarch64.manylinux2014_aarch64.whl", hash = "sha256:36ad4457644c91a966f6fe137d7467636bdc51a6ce10a1d04f365c70d6a16d7e", size = 221530 },
    { url = "https://files.pythonhosted.org/packages/72/13/4396ee5c795264c448703655f3fbb0d39604b3de4a2a158a6835f9b113d4/xxhash-3.4.1-cp311-cp311-manylinux_2_17_ppc64le.manylinux2014_ppc64le.whl", hash = "sha256:248d3e83d119770f96003271fe41e049dd4ae52da2feb8f832b7a20e791d2920", size = 201177 },
    { url = "https://files.pythonhosted.org/packages/88/b8/161b3207a0f71755e41c9b81e58ea6320e46732a7651dd2f686273cb6b9b/xxhash-3.4.1-cp311-cp311-manylinux_2_17_s390x.manylinux2014_s390x.whl", hash = "sha256:2070b6d5bbef5ee031666cf21d4953c16e92c2f8a24a94b5c240f8995ba3b1d0", size = 429384 },
    { url = "https://files.pythonhosted.org/packages/eb/3a/25c4aecb61a49d4415fd71d4f66a8a5b558dd44a52d7054ea9aa59ccbac1/xxhash-3.4.1-cp311-cp311-manylinux_2_17_x86_64.manylinux2014_x86_64.whl", hash = "sha256:b2746035f518f0410915e247877f7df43ef3372bf36cfa52cc4bc33e85242641", size = 194779 },
    { url = "https://files.pythonhosted.org/packages/4c/48/166773deae47ad9038a09d0e5628f215a06a7096861d2ef940aad0ef6bdd/xxhash-3.4.1-cp311-cp311-manylinux_2_5_i686.manylinux1_i686.manylinux_2_17_i686.manylinux2014_i686.whl", hash = "sha256:2a8ba6181514681c2591840d5632fcf7356ab287d4aff1c8dea20f3c78097088", size = 208502 },
    { url = "https://files.pythonhosted.org/packages/a9/5a/25d5250b4472f478adca4773b45a859a111dc9b8ede494939f83759e0ab2/xxhash-3.4.1-cp311-cp311-musllinux_1_1_aarch64.whl", hash = "sha256:0aac5010869240e95f740de43cd6a05eae180c59edd182ad93bf12ee289484fa", size = 220623 },
    { url = "https://files.pythonhosted.org/packages/ef/3f/428f4c23d8f34a6b9f86f053b3a90b96b83ca3722c725064e16ee399d063/xxhash-3.4.1-cp311-cp311-musllinux_1_1_i686.whl", hash = "sha256:4cb11d8debab1626181633d184b2372aaa09825bde709bf927704ed72765bed1", size = 217257 },
    { url = "https://files.pythonhosted.org/packages/66/d5/6d27f1bf8e949bfa7050cb0ec9aa06909994423b7225ad5e396e064472dc/xxhash-3.4.1-cp311-cp311-musllinux_1_1_ppc64le.whl", hash = "sha256:b29728cff2c12f3d9f1d940528ee83918d803c0567866e062683f300d1d2eff3", size = 228225 },
    { url = "https://files.pythonhosted.org/packages/b8/ed/50bfcd928c6e5025ea67b089da8433121fcff9d772c865238e74049dfd0c/xxhash-3.4.1-cp311-cp311-musllinux_1_1_s390x.whl", hash = "sha256:a15cbf3a9c40672523bdb6ea97ff74b443406ba0ab9bca10ceccd9546414bd84", size = 304013 },
    { url = "https://files.pythonhosted.org/packages/b4/18/5a280a91876147192a36419db480e6be990d462f785d4aff8090972008f7/xxhash-3.4.1-cp311-cp311-musllinux_1_1_x86_64.whl", hash = "sha256:6e66df260fed01ed8ea790c2913271641c58481e807790d9fca8bfd5a3c13844", size = 197102 },
    { url = "https://files.pythonhosted.org/packages/2c/ab/861020932b8e0aee8761f32311e3af3ecbd08864348c6aff0dc7a1c596de/xxhash-3.4.1-cp311-cp311-win32.whl", hash = "sha256:e867f68a8f381ea12858e6d67378c05359d3a53a888913b5f7d35fbf68939d5f", size = 30065 },
    { url = "https://files.pythonhosted.org/packages/b7/3a/74a609706ef4430fe6d041a3b8d209882c15440b695e373fe26d48c6f35c/xxhash-3.4.1-cp311-cp311-win_amd64.whl", hash = "sha256:200a5a3ad9c7c0c02ed1484a1d838b63edcf92ff538770ea07456a3732c577f4", size = 29954 },
    { url = "https://files.pythonhosted.org/packages/d9/a1/fc0505f9d2c8f1c8959dff7e299e43b135bddfc7e1929f580ce4cf9e2e3c/xxhash-3.4.1-cp311-cp311-win_arm64.whl", hash = "sha256:1d03f1c0d16d24ea032e99f61c552cb2b77d502e545187338bea461fde253583", size = 26718 },
    { url = "https://files.pythonhosted.org/packages/05/68/2892bbbf528793b82b8cffc4dd219e0cfc763aa17377d7b5651dd7c31319/xxhash-3.4.1-cp312-cp312-macosx_10_9_x86_64.whl", hash = "sha256:c4bbba9b182697a52bc0c9f8ec0ba1acb914b4937cd4a877ad78a3b3eeabefb3", size = 31853 },
    { url = "https://files.pythonhosted.org/packages/4f/18/1a10db384eef70f8a9efbbf9ff417e3cb04c66351d192ac24e8e86622831/xxhash-3.4.1-cp312-cp312-macosx_11_0_arm64.whl", hash = "sha256:9fd28a9da300e64e434cfc96567a8387d9a96e824a9be1452a1e7248b7763b78", size = 30357 },
    { url = "https://files.pythonhosted.org/packages/03/bd/01ced3eb792410ce05e777bd7d79f383fd8056334575cf84b60aaa2734d2/xxhash-3.4.1-cp312-cp312-manylinux_2_17_aarch64.manylinux2014_aarch64.whl", hash = "sha256:6066d88c9329ab230e18998daec53d819daeee99d003955c8db6fc4971b45ca3", size = 220917 },
    { url = "https://files.pythonhosted.org/packages/9a/af/34452bdc52faf44ff2ef87bb4cebdb64837f8ae576d5e7b8e1ba87ee0aba/xxhash-3.4.1-cp312-cp312-manylinux_2_17_ppc64le.manylinux2014_ppc64le.whl", hash = "sha256:93805bc3233ad89abf51772f2ed3355097a5dc74e6080de19706fc447da99cd3", size = 199966 },
    { url = "https://files.pythonhosted.org/packages/12/39/8eca9f98358828040cc2f8a1024d32ac2148e5d33f79fa82bd88244b0270/xxhash-3.4.1-cp312-cp312-manylinux_2_17_s390x.manylinux2014_s390x.whl", hash = "sha256:64da57d5ed586ebb2ecdde1e997fa37c27fe32fe61a656b77fabbc58e6fbff6e", size = 428281 },
    { url = "https://files.pythonhosted.org/packages/ce/d4/8111e14273c0781349af8d0dae55c4e42c7196e7237e81a3db5186ab7dfe/xxhash-3.4.1-cp312-cp312-manylinux_2_17_x86_64.manylinux2014_x86_64.whl", hash = "sha256:7a97322e9a7440bf3c9805cbaac090358b43f650516486746f7fa482672593df", size = 194331 },
    { url = "https://files.pythonhosted.org/packages/82/f0/138223ac68bfb1c210050bf94b4114c7a72ffb5f3c6f5be65e1d7c185a95/xxhash-3.4.1-cp312-cp312-manylinux_2_5_i686.manylinux1_i686.manylinux_2_17_i686.manylinux2014_i686.whl", hash = "sha256:bbe750d512982ee7d831838a5dee9e9848f3fb440e4734cca3f298228cc957a6", size = 207891 },
    { url = "https://files.pythonhosted.org/packages/84/12/1486a1cf1b06ceb431303daf623e4e7c2064b5fbca11b1ff996be0e39b66/xxhash-3.4.1-cp312-cp312-musllinux_1_1_aarch64.whl", hash = "sha256:fd79d4087727daf4d5b8afe594b37d611ab95dc8e29fe1a7517320794837eb7d", size = 220126 },
    { url = "https://files.pythonhosted.org/packages/b4/51/650fc8885bba3d67e909cc1eb952618556687d691fed9ce5e4cd0f0670b4/xxhash-3.4.1-cp312-cp312-musllinux_1_1_i686.whl", hash = "sha256:743612da4071ff9aa4d055f3f111ae5247342931dedb955268954ef7201a71ff", size = 216818 },
    { url = "https://files.pythonhosted.org/packages/a2/6e/c91b2e8255551bd60aff6181f4ade6dcc21d0387435645e81755a47f0ac8/xxhash-3.4.1-cp312-cp312-musllinux_1_1_ppc64le.whl", hash = "sha256:b41edaf05734092f24f48c0958b3c6cbaaa5b7e024880692078c6b1f8247e2fc", size = 227513 },
    { url = "https://files.pythonhosted.org/packages/5a/2a/c74f5e42fb4bd773768e819ac183a352c9b263bbbb65d024c1e69388f3f2/xxhash-3.4.1-cp312-cp312-musllinux_1_1_s390x.whl", hash = "sha256:a90356ead70d715fe64c30cd0969072de1860e56b78adf7c69d954b43e29d9fa", size = 303627 },
    { url = "https://files.pythonhosted.org/packages/9a/93/5d5f001777d71374ba78a4bc51fc722f8a0dd4195dc988fc4bd34eee57bb/xxhash-3.4.1-cp312-cp312-musllinux_1_1_x86_64.whl", hash = "sha256:ac56eebb364e44c85e1d9e9cc5f6031d78a34f0092fea7fc80478139369a8b4a", size = 196855 },
    { url = "https://files.pythonhosted.org/packages/e8/4a/bf8b7f53727b3ebbebe2965586c244febf4c8b03d0caa98af97910f55e79/xxhash-3.4.1-cp312-cp312-win32.whl", hash = "sha256:911035345932a153c427107397c1518f8ce456f93c618dd1c5b54ebb22e73747", size = 30114 },
    { url = "https://files.pythonhosted.org/packages/e3/63/2627198c4c9d1f987390043bb352fef9e754ed2b11fd21b40bf430b2714e/xxhash-3.4.1-cp312-cp312-win_amd64.whl", hash = "sha256:f31ce76489f8601cc7b8713201ce94b4bd7b7ce90ba3353dccce7e9e1fee71fa", size = 29993 },
    { url = "https://files.pythonhosted.org/packages/73/81/914efdf0a02597d769571f013f575b5672ed7f85c9fed07c7378c657bf2b/xxhash-3.4.1-cp312-cp312-win_arm64.whl", hash = "sha256:b5beb1c6a72fdc7584102f42c4d9df232ee018ddf806e8c90906547dfb43b2da", size = 26741 },
    { url = "https://files.pythonhosted.org/packages/a0/08/9234966abb8e0ac65578442b3dc1ee9eea5fe1db5472d9425d40c838193d/xxhash-3.4.1-pp310-pypy310_pp73-macosx_10_9_x86_64.whl", hash = "sha256:431625fad7ab5649368c4849d2b49a83dc711b1f20e1f7f04955aab86cd307bc", size = 29659 },
    { url = "https://files.pythonhosted.org/packages/04/73/8406875fe09d76331cdcce79e9db05699ce9bec126f060d37b540882dcd0/xxhash-3.4.1-pp310-pypy310_pp73-manylinux_2_17_aarch64.manylinux2014_aarch64.whl", hash = "sha256:fc6dbd5fc3c9886a9e041848508b7fb65fd82f94cc793253990f81617b61fe49", size = 36174 },
    { url = "https://files.pythonhosted.org/packages/28/e0/cef7e324cb6e38c463e2b58ba88ed0ce56d1b1717b2e98fe7b692c3bb432/xxhash-3.4.1-pp310-pypy310_pp73-manylinux_2_17_x86_64.manylinux2014_x86_64.whl", hash = "sha256:f3ff8dbd0ec97aec842476cb8ccc3e17dd288cd6ce3c8ef38bff83d6eb927817", size = 31980 },
    { url = "https://files.pythonhosted.org/packages/50/e1/5bfa7e640e2aa56550e0bcbc40594e79bf6e39721d921978a4303317be5d/xxhash-3.4.1-pp310-pypy310_pp73-manylinux_2_5_i686.manylinux1_i686.manylinux_2_17_i686.manylinux2014_i686.whl", hash = "sha256:ef73a53fe90558a4096e3256752268a8bdc0322f4692ed928b6cd7ce06ad4fe3", size = 40474 },
    { url = "https://files.pythonhosted.org/packages/14/b8/5df224b343e8cef8c8a61049b42462f5b088daa3e222c90c5fdc3a184fda/xxhash-3.4.1-pp310-pypy310_pp73-win_amd64.whl", hash = "sha256:450401f42bbd274b519d3d8dcf3c57166913381a3d2664d6609004685039f9d3", size = 30022 },
]
