version: 6
environments:
  default:
    channels:
    - url: https://conda.anaconda.org/conda-forge/
    options:
      pypi-prerelease-mode: if-necessary-or-explicit
    packages:
      linux-64:
      - conda: https://conda.anaconda.org/conda-forge/linux-64/_openmp_mutex-4.5-20_gnu.conda
      - conda: https://conda.anaconda.org/conda-forge/linux-64/libgcc-15.2.0-he0feb66_18.conda
      - conda: https://conda.anaconda.org/conda-forge/linux-64/libgomp-15.2.0-he0feb66_18.conda
      - conda: https://conda.anaconda.org/conda-forge/linux-64/liblzma-5.8.3-hb03c661_0.conda
      - conda: https://conda.anaconda.org/conda-forge/linux-64/liblzma-devel-5.8.3-hb03c661_0.conda
      - conda: https://conda.anaconda.org/conda-forge/linux-64/libzlib-1.3.2-h25fd6f3_2.conda
      - conda: https://conda.anaconda.org/conda-forge/linux-64/xz-5.8.3-ha02ee65_0.conda
      - conda: https://conda.anaconda.org/conda-forge/linux-64/xz-gpl-tools-5.8.3-ha02ee65_0.conda
      - conda: https://conda.anaconda.org/conda-forge/linux-64/xz-tools-5.8.3-hb03c661_0.conda
      - conda: https://conda.anaconda.org/conda-forge/linux-64/zlib-1.3.2-h25fd6f3_2.conda
      linux-aarch64:
      - conda: https://conda.anaconda.org/conda-forge/linux-aarch64/_openmp_mutex-4.5-20_gnu.conda
      - conda: https://conda.anaconda.org/conda-forge/linux-aarch64/libgcc-15.2.0-h8acb6b2_18.conda
      - conda: https://conda.anaconda.org/conda-forge/linux-aarch64/libgomp-15.2.0-h8acb6b2_18.conda
      - conda: https://conda.anaconda.org/conda-forge/linux-aarch64/liblzma-5.8.3-he30d5cf_0.conda
      - conda: https://conda.anaconda.org/conda-forge/linux-aarch64/liblzma-devel-5.8.3-he30d5cf_0.conda
      - conda: https://conda.anaconda.org/conda-forge/linux-aarch64/libzlib-1.3.2-hdc9db2a_2.conda
      - conda: https://conda.anaconda.org/conda-forge/linux-aarch64/xz-5.8.3-hd704e39_0.conda
      - conda: https://conda.anaconda.org/conda-forge/linux-aarch64/xz-gpl-tools-5.8.3-hd704e39_0.conda
      - conda: https://conda.anaconda.org/conda-forge/linux-aarch64/xz-tools-5.8.3-he30d5cf_0.conda
      - conda: https://conda.anaconda.org/conda-forge/linux-aarch64/zlib-1.3.2-hdc9db2a_2.conda
      osx-64:
      - conda: https://conda.anaconda.org/conda-forge/osx-64/liblzma-5.8.3-hbb4bfdb_0.conda
      - conda: https://conda.anaconda.org/conda-forge/osx-64/liblzma-devel-5.8.3-hbb4bfdb_0.conda
      - conda: https://conda.anaconda.org/conda-forge/osx-64/libzlib-1.3.2-hbb4bfdb_2.conda
      - conda: https://conda.anaconda.org/conda-forge/osx-64/xz-5.8.3-h6a5a847_0.conda
      - conda: https://conda.anaconda.org/conda-forge/osx-64/xz-gpl-tools-5.8.3-h6a5a847_0.conda
      - conda: https://conda.anaconda.org/conda-forge/osx-64/xz-tools-5.8.3-hbb4bfdb_0.conda
      - conda: https://conda.anaconda.org/conda-forge/osx-64/zlib-1.3.2-hbb4bfdb_2.conda
      osx-arm64:
      - conda: https://conda.anaconda.org/conda-forge/osx-arm64/liblzma-5.8.3-h8088a28_0.conda
      - conda: https://conda.anaconda.org/conda-forge/osx-arm64/liblzma-devel-5.8.3-h8088a28_0.conda
      - conda: https://conda.anaconda.org/conda-forge/osx-arm64/libzlib-1.3.2-h8088a28_2.conda
      - conda: https://conda.anaconda.org/conda-forge/osx-arm64/xz-5.8.3-hd0f0c4f_0.conda
      - conda: https://conda.anaconda.org/conda-forge/osx-arm64/xz-gpl-tools-5.8.3-hd0f0c4f_0.conda
      - conda: https://conda.anaconda.org/conda-forge/osx-arm64/xz-tools-5.8.3-h8088a28_0.conda
      - conda: https://conda.anaconda.org/conda-forge/osx-arm64/zlib-1.3.2-h8088a28_2.conda
packages:
- conda: https://conda.anaconda.org/conda-forge/linux-64/_openmp_mutex-4.5-20_gnu.conda
  build_number: 20
  sha256: 1dd3fffd892081df9726d7eb7e0dea6198962ba775bd88842135a4ddb4deb3c9
  md5: a9f577daf3de00bca7c3c76c0ecbd1de
  depends:
  - __glibc >=2.17,<3.0.a0
  - libgomp >=7.5.0
  constrains:
  - openmp_impl <0.0a0
  license: BSD-3-Clause
  license_family: BSD
  size: 28948
  timestamp: 1770939786096
- conda: https://conda.anaconda.org/conda-forge/linux-aarch64/_openmp_mutex-4.5-20_gnu.conda
  build_number: 20
  sha256: a2527b1d81792a0ccd2c05850960df119c2b6d8f5fdec97f2db7d25dc23b1068
  md5: 468fd3bb9e1f671d36c2cbc677e56f1d
  depends:
  - libgomp >=7.5.0
  constrains:
  - openmp_impl <0.0a0
  license: BSD-3-Clause
  license_family: BSD
  size: 28926
  timestamp: 1770939656741
- conda: https://conda.anaconda.org/conda-forge/linux-64/libgcc-15.2.0-he0feb66_18.conda
  sha256: faf7d2017b4d718951e3a59d081eb09759152f93038479b768e3d612688f83f5
  md5: 0aa00f03f9e39fb9876085dee11a85d4
  depends:
  - __glibc >=2.17,<3.0.a0
  - _openmp_mutex >=4.5
  constrains:
  - libgcc-ng ==15.2.0=*_18
  - libgomp 15.2.0 he0feb66_18
  license: GPL-3.0-only WITH GCC-exception-3.1
  license_family: GPL
  size: 1041788
  timestamp: 1771378212382
- conda: https://conda.anaconda.org/conda-forge/linux-aarch64/libgcc-15.2.0-h8acb6b2_18.conda
  sha256: 43df385bedc1cab11993c4369e1f3b04b4ca5d0ea16cba6a0e7f18dbc129fcc9
  md5: 552567ea2b61e3a3035759b2fdb3f9a6
  depends:
  - _openmp_mutex >=4.5
  constrains:
  - libgcc-ng ==15.2.0=*_18
  - libgomp 15.2.0 h8acb6b2_18
  license: GPL-3.0-only WITH GCC-exception-3.1
  license_family: GPL
  size: 622900
  timestamp: 1771378128706
- conda: https://conda.anaconda.org/conda-forge/linux-64/libgomp-15.2.0-he0feb66_18.conda
  sha256: 21337ab58e5e0649d869ab168d4e609b033509de22521de1bfed0c031bfc5110
  md5: 239c5e9546c38a1e884d69effcf4c882
  depends:
  - __glibc >=2.17,<3.0.a0
  license: GPL-3.0-only WITH GCC-exception-3.1
  license_family: GPL
  size: 603262
  timestamp: 1771378117851
- conda: https://conda.anaconda.org/conda-forge/linux-aarch64/libgomp-15.2.0-h8acb6b2_18.conda
  sha256: fc716f11a6a8525e27a5d332ef6a689210b0d2a4dd1133edc0f530659aa9faa6
  md5: 4faa39bf919939602e594253bd673958
  license: GPL-3.0-only WITH GCC-exception-3.1
  license_family: GPL
  size: 588060
  timestamp: 1771378040807
- conda: https://conda.anaconda.org/conda-forge/linux-64/liblzma-5.8.3-hb03c661_0.conda
  sha256: ec30e52a3c1bf7d0425380a189d209a52baa03f22fb66dd3eb587acaa765bd6d
  md5: b88d90cad08e6bc8ad540cb310a761fb
  depends:
  - __glibc >=2.17,<3.0.a0
  - libgcc >=14
  constrains:
  - xz 5.8.3.*
  license: 0BSD
  size: 113478
  timestamp: 1775825492909
- conda: https://conda.anaconda.org/conda-forge/linux-aarch64/liblzma-5.8.3-he30d5cf_0.conda
  sha256: d61962b9cd54c3554361550203c64d5b65b71e3058a285b66e4b04b9769f0a5c
  md5: 76298a9e6d71ee6e832a8d0d7373b261
  depends:
  - libgcc >=14
  constrains:
  - xz 5.8.3.*
  license: 0BSD
  size: 126102
  timestamp: 1775828008518
- conda: https://conda.anaconda.org/conda-forge/osx-64/liblzma-5.8.3-hbb4bfdb_0.conda
  sha256: d9e2006051529aec5578c6efeb13bb6a7200a014b2d5a77a579e83a8049d5f3c
  md5: becdfbfe7049fa248e52aa37a9df09e2
  depends:
  - __osx >=11.0
  constrains:
  - xz 5.8.3.*
  license: 0BSD
  size: 105724
  timestamp: 1775826029494
- conda: https://conda.anaconda.org/conda-forge/osx-arm64/liblzma-5.8.3-h8088a28_0.conda
  sha256: 34878d87275c298f1a732c6806349125cebbf340d24c6c23727268184bba051e
  md5: b1fd823b5ae54fbec272cea0811bd8a9
  depends:
  - __osx >=11.0
  constrains:
  - xz 5.8.3.*
  license: 0BSD
  size: 92472
  timestamp: 1775825802659
- conda: https://conda.anaconda.org/conda-forge/linux-64/liblzma-devel-5.8.3-hb03c661_0.conda
  sha256: 7858f6a173206bc8a5bdc8e75690483bb66c0dcc3809ac1cb43c561a4723623a
  md5: 55c20edec8e90c4703787acaade60808
  depends:
  - __glibc >=2.17,<3.0.a0
  - libgcc >=14
  - liblzma 5.8.3 hb03c661_0
  license: 0BSD
  size: 491429
  timestamp: 1775825511214
- conda: https://conda.anaconda.org/conda-forge/linux-aarch64/liblzma-devel-5.8.3-he30d5cf_0.conda
  sha256: 584cbcebe2f8c4c3e81eb46e3ed085bc49f709a9aeb92847ac20e1aa25c4b7b6
  md5: 349d74fc98742dd532de0ae6368fd19d
  depends:
  - libgcc >=14
  - liblzma 5.8.3 he30d5cf_0
  license: 0BSD
  size: 493047
  timestamp: 1775828222341
- conda: https://conda.anaconda.org/conda-forge/osx-64/liblzma-devel-5.8.3-hbb4bfdb_0.conda
  sha256: 05f845d7f29691f8410665297a4fd168261aaa2710993e9e21effd66365c080d
  md5: a59a33afff299f2d95fdabbd1214f4f1
  depends:
  - __osx >=11.0
  - liblzma 5.8.3 hbb4bfdb_0
  license: 0BSD
  size: 118185
  timestamp: 1775826064340
- conda: https://conda.anaconda.org/conda-forge/osx-arm64/liblzma-devel-5.8.3-h8088a28_0.conda
  sha256: 3002be39c0e98ec6cd103b0dc2963dc9e0d7cab127fb2fe9a8de9707a76ed1f0
  md5: ebe1f5418d6e2d4bbc26b2c906a0a470
  depends:
  - __osx >=11.0
  - liblzma 5.8.3 h8088a28_0
  license: 0BSD
  size: 118482
  timestamp: 1775825828010
- conda: https://conda.anaconda.org/conda-forge/linux-64/libzlib-1.3.2-h25fd6f3_2.conda
  sha256: 55044c403570f0dc26e6364de4dc5368e5f3fc7ff103e867c487e2b5ab2bcda9
  md5: d87ff7921124eccd67248aa483c23fec
  depends:
  - __glibc >=2.17,<3.0.a0
  constrains:
  - zlib 1.3.2 *_2
  license: Zlib
  license_family: Other
  size: 63629
  timestamp: 1774072609062
- conda: https://conda.anaconda.org/conda-forge/linux-aarch64/libzlib-1.3.2-hdc9db2a_2.conda
  sha256: eb111e32e5a7313a5bf799c7fb2419051fa2fe7eff74769fac8d5a448b309f7f
  md5: 502006882cf5461adced436e410046d1
  constrains:
  - zlib 1.3.2 *_2
  license: Zlib
  license_family: Other
  size: 69833
  timestamp: 1774072605429
- conda: https://conda.anaconda.org/conda-forge/osx-64/libzlib-1.3.2-hbb4bfdb_2.conda
  sha256: 4c6da089952b2d70150c74234679d6f7ac04f4a98f9432dec724968f912691e7
  md5: 30439ff30578e504ee5e0b390afc8c65
  depends:
  - __osx >=11.0
  constrains:
  - zlib 1.3.2 *_2
  license: Zlib
  license_family: Other
  size: 59000
  timestamp: 1774073052242
- conda: https://conda.anaconda.org/conda-forge/osx-arm64/libzlib-1.3.2-h8088a28_2.conda
  sha256: 361415a698514b19a852f5d1123c5da746d4642139904156ddfca7c922d23a05
  md5: bc5a5721b6439f2f62a84f2548136082
  depends:
  - __osx >=11.0
  constrains:
  - zlib 1.3.2 *_2
  license: Zlib
  license_family: Other
  size: 47759
  timestamp: 1774072956767
- conda: https://conda.anaconda.org/conda-forge/linux-64/xz-5.8.3-ha02ee65_0.conda
  sha256: 2553fd3ec0a1020b2ca05ca10b0036a596cb0d4bf3645922fcf69dacce0e6679
  md5: 6a1b6af49a334e4e06b9f103367762bf
  depends:
  - __glibc >=2.17,<3.0.a0
  - libgcc >=14
  - liblzma 5.8.3 hb03c661_0
  - liblzma-devel 5.8.3 hb03c661_0
  - xz-gpl-tools 5.8.3 ha02ee65_0
  - xz-tools 5.8.3 hb03c661_0
  license: 0BSD AND LGPL-2.1-or-later AND GPL-2.0-or-later
  size: 24360
  timestamp: 1775825568523
- conda: https://conda.anaconda.org/conda-forge/linux-aarch64/xz-5.8.3-hd704e39_0.conda
  sha256: a12cc406fc348d3b3a6c2bc6e2a1a82b2f6865d67f1f41498f7301aea77ae9c3
  md5: 515cd9d9970d3addd52b8f85ee1beab9
  depends:
  - libgcc >=14
  - liblzma 5.8.3 he30d5cf_0
  - liblzma-devel 5.8.3 he30d5cf_0
  - xz-gpl-tools 5.8.3 hd704e39_0
  - xz-tools 5.8.3 he30d5cf_0
  license: 0BSD AND LGPL-2.1-or-later AND GPL-2.0-or-later
  size: 24330
  timestamp: 1775828875434
- conda: https://conda.anaconda.org/conda-forge/osx-64/xz-5.8.3-h6a5a847_0.conda
  sha256: ba5ad03c1c99c0bc62b92fb4630a33839e07b41f1b64c2d224f63a36b6ac1c00
  md5: 65aa14eb080715ecf13b15e5d85acde2
  depends:
  - __osx >=11.0
  - liblzma 5.8.3 hbb4bfdb_0
  - liblzma-devel 5.8.3 hbb4bfdb_0
  - xz-gpl-tools 5.8.3 h6a5a847_0
  - xz-tools 5.8.3 hbb4bfdb_0
  license: 0BSD AND LGPL-2.1-or-later AND GPL-2.0-or-later
  size: 24261
  timestamp: 1775826189380
- conda: https://conda.anaconda.org/conda-forge/osx-arm64/xz-5.8.3-hd0f0c4f_0.conda
  sha256: d5bb880876336f625523c022aa9bdc6be76a85df721d9e7b33c352f528619185
  md5: 4df12be699991b97b66a85cc46ea75b5
  depends:
  - __osx >=11.0
  - liblzma 5.8.3 h8088a28_0
  - liblzma-devel 5.8.3 h8088a28_0
  - xz-gpl-tools 5.8.3 hd0f0c4f_0
  - xz-tools 5.8.3 h8088a28_0
  license: 0BSD AND LGPL-2.1-or-later AND GPL-2.0-or-later
  size: 24348
  timestamp: 1775825911109
- conda: https://conda.anaconda.org/conda-forge/linux-64/xz-gpl-tools-5.8.3-ha02ee65_0.conda
  sha256: 8f139666ea18dc8340a44a54056627dd4e89e242e8cd136ab2467d6dc2c192ba
  md5: 8f5e2c6726c1339287a3c76a2c138ac7
  depends:
  - __glibc >=2.17,<3.0.a0
  - libgcc >=14
  - liblzma 5.8.3 hb03c661_0
  constrains:
  - xz 5.8.3.*
  license: 0BSD AND LGPL-2.1-or-later AND GPL-2.0-or-later
  size: 34213
  timestamp: 1775825548743
- conda: https://conda.anaconda.org/conda-forge/linux-aarch64/xz-gpl-tools-5.8.3-hd704e39_0.conda
  sha256: ad964969ff1a72d8cc8d60a6bbd66ca5f79c00f2e3dec612caae1c2c5b9e2d16
  md5: f357f5285cc0c4df2305dd6ccb977ec5
  depends:
  - libgcc >=14
  - liblzma 5.8.3 he30d5cf_0
  constrains:
  - xz 5.8.3.*
  license: 0BSD AND LGPL-2.1-or-later AND GPL-2.0-or-later
  size: 34353
  timestamp: 1775828661986
- conda: https://conda.anaconda.org/conda-forge/osx-64/xz-gpl-tools-5.8.3-h6a5a847_0.conda
  sha256: e9bbba55933e2d962f65b689796561e9b687c36fb388b42eba5c0c561c6fe574
  md5: f2d1a60e16eb0da1cac4f9d0129957da
  depends:
  - __osx >=11.0
  - liblzma 5.8.3 hbb4bfdb_0
  constrains:
  - xz 5.8.3.*
  license: 0BSD AND LGPL-2.1-or-later AND GPL-2.0-or-later
  size: 34168
  timestamp: 1775826151739
- conda: https://conda.anaconda.org/conda-forge/osx-arm64/xz-gpl-tools-5.8.3-hd0f0c4f_0.conda
  sha256: 0864d53202f618b4c8a5f2c38b7029f14b900b852e99b6248813303f69ccfdee
  md5: 43d168a8c95a8fcdcc44c2a0a7887653
  depends:
  - __osx >=11.0
  - liblzma 5.8.3 h8088a28_0
  constrains:
  - xz 5.8.3.*
  license: 0BSD AND LGPL-2.1-or-later AND GPL-2.0-or-later
  size: 34224
  timestamp: 1775825884830
- conda: https://conda.anaconda.org/conda-forge/linux-64/xz-tools-5.8.3-hb03c661_0.conda
  sha256: 162ebd76803464b8c8ebc7d45df32edf0ec717b3bf369a437ae3b0254f22dc2e
  md5: b62b615caa60812640f24db3a8d0fc87
  depends:
  - __glibc >=2.17,<3.0.a0
  - libgcc >=14
  - liblzma 5.8.3 hb03c661_0
  constrains:
  - xz 5.8.3.*
  license: 0BSD AND LGPL-2.1-or-later
  size: 95955
  timestamp: 1775825530484
- conda: https://conda.anaconda.org/conda-forge/linux-aarch64/xz-tools-5.8.3-he30d5cf_0.conda
  sha256: 86d48bb0ac214d1d72e05e765523d5847f3ccd872c142304d3c307cc95c93881
  md5: 6cf7b9f879c7665749c7ddd45cc5c163
  depends:
  - libgcc >=14
  - liblzma 5.8.3 he30d5cf_0
  constrains:
  - xz 5.8.3.*
  license: 0BSD AND LGPL-2.1-or-later
  size: 102970
  timestamp: 1775828449899
- conda: https://conda.anaconda.org/conda-forge/osx-64/xz-tools-5.8.3-hbb4bfdb_0.conda
  sha256: 57fc818b986bf86c5dec503047d5ba2f97bf76f2de225a3e6fea0c87c6e973dd
  md5: 0a8d7aa810e8bef50429295f485fb14c
  depends:
  - __osx >=11.0
  - liblzma 5.8.3 hbb4bfdb_0
  constrains:
  - xz 5.8.3.*
  license: 0BSD AND LGPL-2.1-or-later
  size: 86264
  timestamp: 1775826113228
- conda: https://conda.anaconda.org/conda-forge/osx-arm64/xz-tools-5.8.3-h8088a28_0.conda
  sha256: beb7fb34d5517cce06f5f89710de7108a8ca65ed9c0324269fc0446807bcbd91
  md5: b8c47eab4e58fe7015a12ceb9d5b114c
  depends:
  - __osx >=11.0
  - liblzma 5.8.3 h8088a28_0
  constrains:
  - xz 5.8.3.*
  license: 0BSD AND LGPL-2.1-or-later
  size: 85931
  timestamp: 1775825857949
- conda: https://conda.anaconda.org/conda-forge/linux-64/zlib-1.3.2-h25fd6f3_2.conda
  sha256: 245c9ee8d688e23661b95e3c6dd7272ca936fabc03d423cdb3cdee1bbcf9f2f2
  md5: c2a01a08fc991620a74b32420e97868a
  depends:
  - __glibc >=2.17,<3.0.a0
  - libzlib 1.3.2 h25fd6f3_2
  license: Zlib
  license_family: Other
  size: 95931
  timestamp: 1774072620848
- conda: https://conda.anaconda.org/conda-forge/linux-aarch64/zlib-1.3.2-hdc9db2a_2.conda
  sha256: d651731b45f2d84591881da3ce3e4107a9ba6709fe790dbd5f7b8d9c89a02ed7
  md5: 493587274c81b34d198b085b46a86eaa
  depends:
  - libzlib 1.3.2 hdc9db2a_2
  license: Zlib
  license_family: Other
  size: 100515
  timestamp: 1774072641977
- conda: https://conda.anaconda.org/conda-forge/osx-64/zlib-1.3.2-hbb4bfdb_2.conda
  sha256: 5dd728cebca2e96fa48d41661f1a35ed0ee3cb722669eee4e2d854c6745655eb
  md5: 6276aa61ffc361cbf130d78cfb88a237
  depends:
  - __osx >=11.0
  - libzlib 1.3.2 hbb4bfdb_2
  license: Zlib
  license_family: Other
  size: 92411
  timestamp: 1774073075482
- conda: https://conda.anaconda.org/conda-forge/osx-arm64/zlib-1.3.2-h8088a28_2.conda
  sha256: 8dd2ac25f0ba714263aac5832d46985648f4bfb9b305b5021d702079badc08d2
  md5: f1c0bce276210bed45a04949cfe8dc20
  depends:
  - __osx >=11.0
  - libzlib 1.3.2 h8088a28_2
  license: Zlib
  license_family: Other
  size: 81123
  timestamp: 1774072974535
